
Microsoft Visual Studio Solution File, Format Version 12.00
# Visual Studio 2013
VisualStudioVersion = 12.0.30723.0
MinimumVisualStudioVersion = 10.0.40219.1
Project("{FAE04EC0-301F-11D3-BF4B-00C04F79EFBC}") = "MobileCRM.Android", "MobileCRM.Android\MobileCRM.Android.csproj", "{83491F6D-BA09-477D-9DC0-3E670794579F}"
EndProject
Project("{FAE04EC0-301F-11D3-BF4B-00C04F79EFBC}") = "MobileCRM.WindowsPhone", "MobileCRM.WindowsPhone\MobileCRM.WindowsPhone.csproj", "{91CD0EDB-85F3-4281-B340-1DA6977C233B}"
EndProject
Project("{FAE04EC0-301F-11D3-BF4B-00C04F79EFBC}") = "MobileCRM.iOS", "MobileCRM.iOS\MobileCRM.iOS.csproj", "{6A02ABA0-EE87-4C04-A065-BEF98D7F4E53}"
EndProject
Project("{2150E333-8FDC-42A3-9474-1A3956D46DE8}") = ".nuget", ".nuget", "{0691978B-0233-43BA-8320-870F5FA93044}"
	ProjectSection(SolutionItems) = preProject
		.nuget\NuGet.Config = .nuget\NuGet.Config
		.nuget\NuGet.exe = .nuget\NuGet.exe
		.nuget\NuGet.targets = .nuget\NuGet.targets
	EndProjectSection
EndProject
Project("{2150E333-8FDC-42A3-9474-1A3956D46DE8}") = "Controls", "Controls", "{B8AB4E34-5324-4F81-A850-E99C16C02C85}"
EndProject
Project("{FAE04EC0-301F-11D3-BF4B-00C04F79EFBC}") = "SignaturePad.WP7", "Common\SignaturePad.WP7\SignaturePad.WP7.csproj", "{105D08DE-982A-4F39-9FB2-82735CF2F3F1}"
EndProject
Project("{FAE04EC0-301F-11D3-BF4B-00C04F79EFBC}") = "MobileCRM.Shared", "MobileCRM.Shared\MobileCRM.Shared.csproj", "{40D46760-E7FD-4053-AD6B-07DC84D23BED}"
EndProject
Project("{FAE04EC0-301F-11D3-BF4B-00C04F79EFBC}") = "MobileCRM.Analysis", "MobileCRM.Analysis\MobileCRM.Analysis.csproj", "{0466351D-9A60-488B-A93A-A8F8BC945E0C}"
EndProject
Global
	GlobalSection(SolutionConfigurationPlatforms) = preSolution
		Ad-Hoc|Any CPU = Ad-Hoc|Any CPU
		Ad-Hoc|ARM = Ad-Hoc|ARM
		Ad-Hoc|iPhone = Ad-Hoc|iPhone
		Ad-Hoc|iPhoneSimulator = Ad-Hoc|iPhoneSimulator
		Ad-Hoc|Mixed Platforms = Ad-Hoc|Mixed Platforms
		Ad-Hoc|x86 = Ad-Hoc|x86
		AppStore|Any CPU = AppStore|Any CPU
		AppStore|ARM = AppStore|ARM
		AppStore|iPhone = AppStore|iPhone
		AppStore|iPhoneSimulator = AppStore|iPhoneSimulator
		AppStore|Mixed Platforms = AppStore|Mixed Platforms
		AppStore|x86 = AppStore|x86
		Debug|Any CPU = Debug|Any CPU
		Debug|ARM = Debug|ARM
		Debug|iPhone = Debug|iPhone
		Debug|iPhoneSimulator = Debug|iPhoneSimulator
		Debug|Mixed Platforms = Debug|Mixed Platforms
		Debug|x86 = Debug|x86
		Release|Any CPU = Release|Any CPU
		Release|ARM = Release|ARM
		Release|iPhone = Release|iPhone
		Release|iPhoneSimulator = Release|iPhoneSimulator
		Release|Mixed Platforms = Release|Mixed Platforms
		Release|x86 = Release|x86
	EndGlobalSection
	GlobalSection(ProjectConfigurationPlatforms) = postSolution
		{83491F6D-BA09-477D-9DC0-3E670794579F}.Ad-Hoc|Any CPU.ActiveCfg = Release|Any CPU
		{83491F6D-BA09-477D-9DC0-3E670794579F}.Ad-Hoc|Any CPU.Build.0 = Release|Any CPU
		{83491F6D-BA09-477D-9DC0-3E670794579F}.Ad-Hoc|Any CPU.Deploy.0 = Release|Any CPU
		{83491F6D-BA09-477D-9DC0-3E670794579F}.Ad-Hoc|ARM.ActiveCfg = Debug|Any CPU
		{83491F6D-BA09-477D-9DC0-3E670794579F}.Ad-Hoc|iPhone.ActiveCfg = Debug|Any CPU
		{83491F6D-BA09-477D-9DC0-3E670794579F}.Ad-Hoc|iPhone.Build.0 = Debug|Any CPU
		{83491F6D-BA09-477D-9DC0-3E670794579F}.Ad-Hoc|iPhoneSimulator.ActiveCfg = Release|Any CPU
		{83491F6D-BA09-477D-9DC0-3E670794579F}.Ad-Hoc|Mixed Platforms.ActiveCfg = Debug|Any CPU
		{83491F6D-BA09-477D-9DC0-3E670794579F}.Ad-Hoc|Mixed Platforms.Build.0 = Debug|Any CPU
		{83491F6D-BA09-477D-9DC0-3E670794579F}.Ad-Hoc|Mixed Platforms.Deploy.0 = Debug|Any CPU
		{83491F6D-BA09-477D-9DC0-3E670794579F}.Ad-Hoc|x86.ActiveCfg = Debug|Any CPU
		{83491F6D-BA09-477D-9DC0-3E670794579F}.AppStore|Any CPU.ActiveCfg = Release|Any CPU
		{83491F6D-BA09-477D-9DC0-3E670794579F}.AppStore|Any CPU.Build.0 = Release|Any CPU
		{83491F6D-BA09-477D-9DC0-3E670794579F}.AppStore|Any CPU.Deploy.0 = Release|Any CPU
		{83491F6D-BA09-477D-9DC0-3E670794579F}.AppStore|ARM.ActiveCfg = Debug|Any CPU
		{83491F6D-BA09-477D-9DC0-3E670794579F}.AppStore|iPhone.ActiveCfg = Debug|Any CPU
		{83491F6D-BA09-477D-9DC0-3E670794579F}.AppStore|iPhone.Build.0 = Debug|Any CPU
		{83491F6D-BA09-477D-9DC0-3E670794579F}.AppStore|iPhoneSimulator.ActiveCfg = Release|Any CPU
		{83491F6D-BA09-477D-9DC0-3E670794579F}.AppStore|Mixed Platforms.ActiveCfg = Debug|Any CPU
		{83491F6D-BA09-477D-9DC0-3E670794579F}.AppStore|Mixed Platforms.Build.0 = Debug|Any CPU
		{83491F6D-BA09-477D-9DC0-3E670794579F}.AppStore|Mixed Platforms.Deploy.0 = Debug|Any CPU
		{83491F6D-BA09-477D-9DC0-3E670794579F}.AppStore|x86.ActiveCfg = Debug|Any CPU
		{83491F6D-BA09-477D-9DC0-3E670794579F}.Debug|Any CPU.ActiveCfg = Debug|Any CPU
		{83491F6D-BA09-477D-9DC0-3E670794579F}.Debug|Any CPU.Build.0 = Debug|Any CPU
		{83491F6D-BA09-477D-9DC0-3E670794579F}.Debug|Any CPU.Deploy.0 = Debug|Any CPU
		{83491F6D-BA09-477D-9DC0-3E670794579F}.Debug|ARM.ActiveCfg = Debug|Any CPU
		{83491F6D-BA09-477D-9DC0-3E670794579F}.Debug|iPhone.ActiveCfg = Debug|Any CPU
		{83491F6D-BA09-477D-9DC0-3E670794579F}.Debug|iPhoneSimulator.ActiveCfg = Debug|Any CPU
		{83491F6D-BA09-477D-9DC0-3E670794579F}.Debug|Mixed Platforms.ActiveCfg = Debug|Any CPU
		{83491F6D-BA09-477D-9DC0-3E670794579F}.Debug|Mixed Platforms.Build.0 = Debug|Any CPU
		{83491F6D-BA09-477D-9DC0-3E670794579F}.Debug|Mixed Platforms.Deploy.0 = Debug|Any CPU
		{83491F6D-BA09-477D-9DC0-3E670794579F}.Debug|x86.ActiveCfg = Debug|Any CPU
		{83491F6D-BA09-477D-9DC0-3E670794579F}.Release|Any CPU.ActiveCfg = Release|Any CPU
		{83491F6D-BA09-477D-9DC0-3E670794579F}.Release|Any CPU.Build.0 = Release|Any CPU
		{83491F6D-BA09-477D-9DC0-3E670794579F}.Release|ARM.ActiveCfg = Release|Any CPU
		{83491F6D-BA09-477D-9DC0-3E670794579F}.Release|iPhone.ActiveCfg = Release|Any CPU
		{83491F6D-BA09-477D-9DC0-3E670794579F}.Release|iPhone.Build.0 = Release|Any CPU
		{83491F6D-BA09-477D-9DC0-3E670794579F}.Release|iPhoneSimulator.ActiveCfg = Release|Any CPU
		{83491F6D-BA09-477D-9DC0-3E670794579F}.Release|iPhoneSimulator.Build.0 = Release|Any CPU
		{83491F6D-BA09-477D-9DC0-3E670794579F}.Release|Mixed Platforms.ActiveCfg = Release|Any CPU
		{83491F6D-BA09-477D-9DC0-3E670794579F}.Release|Mixed Platforms.Build.0 = Release|Any CPU
		{83491F6D-BA09-477D-9DC0-3E670794579F}.Release|Mixed Platforms.Deploy.0 = Release|Any CPU
		{83491F6D-BA09-477D-9DC0-3E670794579F}.Release|x86.ActiveCfg = Release|Any CPU
		{91CD0EDB-85F3-4281-B340-1DA6977C233B}.Ad-Hoc|Any CPU.ActiveCfg = Release|Any CPU
		{91CD0EDB-85F3-4281-B340-1DA6977C233B}.Ad-Hoc|Any CPU.Build.0 = Release|Any CPU
		{91CD0EDB-85F3-4281-B340-1DA6977C233B}.Ad-Hoc|Any CPU.Deploy.0 = Release|Any CPU
		{91CD0EDB-85F3-4281-B340-1DA6977C233B}.Ad-Hoc|ARM.ActiveCfg = Release|ARM
		{91CD0EDB-85F3-4281-B340-1DA6977C233B}.Ad-Hoc|ARM.Build.0 = Release|ARM
		{91CD0EDB-85F3-4281-B340-1DA6977C233B}.Ad-Hoc|ARM.Deploy.0 = Release|ARM
		{91CD0EDB-85F3-4281-B340-1DA6977C233B}.Ad-Hoc|iPhone.ActiveCfg = Release|Any CPU
		{91CD0EDB-85F3-4281-B340-1DA6977C233B}.Ad-Hoc|iPhoneSimulator.ActiveCfg = Release|Any CPU
		{91CD0EDB-85F3-4281-B340-1DA6977C233B}.Ad-Hoc|Mixed Platforms.ActiveCfg = Release|x86
		{91CD0EDB-85F3-4281-B340-1DA6977C233B}.Ad-Hoc|Mixed Platforms.Build.0 = Release|x86
		{91CD0EDB-85F3-4281-B340-1DA6977C233B}.Ad-Hoc|Mixed Platforms.Deploy.0 = Release|x86
		{91CD0EDB-85F3-4281-B340-1DA6977C233B}.Ad-Hoc|x86.ActiveCfg = Release|x86
		{91CD0EDB-85F3-4281-B340-1DA6977C233B}.Ad-Hoc|x86.Build.0 = Release|x86
		{91CD0EDB-85F3-4281-B340-1DA6977C233B}.Ad-Hoc|x86.Deploy.0 = Release|x86
		{91CD0EDB-85F3-4281-B340-1DA6977C233B}.AppStore|Any CPU.ActiveCfg = Release|Any CPU
		{91CD0EDB-85F3-4281-B340-1DA6977C233B}.AppStore|Any CPU.Build.0 = Release|Any CPU
		{91CD0EDB-85F3-4281-B340-1DA6977C233B}.AppStore|Any CPU.Deploy.0 = Release|Any CPU
		{91CD0EDB-85F3-4281-B340-1DA6977C233B}.AppStore|ARM.ActiveCfg = Release|ARM
		{91CD0EDB-85F3-4281-B340-1DA6977C233B}.AppStore|ARM.Build.0 = Release|ARM
		{91CD0EDB-85F3-4281-B340-1DA6977C233B}.AppStore|ARM.Deploy.0 = Release|ARM
		{91CD0EDB-85F3-4281-B340-1DA6977C233B}.AppStore|iPhone.ActiveCfg = Release|Any CPU
		{91CD0EDB-85F3-4281-B340-1DA6977C233B}.AppStore|iPhoneSimulator.ActiveCfg = Release|Any CPU
		{91CD0EDB-85F3-4281-B340-1DA6977C233B}.AppStore|Mixed Platforms.ActiveCfg = Release|x86
		{91CD0EDB-85F3-4281-B340-1DA6977C233B}.AppStore|Mixed Platforms.Build.0 = Release|x86
		{91CD0EDB-85F3-4281-B340-1DA6977C233B}.AppStore|Mixed Platforms.Deploy.0 = Release|x86
		{91CD0EDB-85F3-4281-B340-1DA6977C233B}.AppStore|x86.ActiveCfg = Release|x86
		{91CD0EDB-85F3-4281-B340-1DA6977C233B}.AppStore|x86.Build.0 = Release|x86
		{91CD0EDB-85F3-4281-B340-1DA6977C233B}.AppStore|x86.Deploy.0 = Release|x86
		{91CD0EDB-85F3-4281-B340-1DA6977C233B}.Debug|Any CPU.ActiveCfg = Debug|ARM
		{91CD0EDB-85F3-4281-B340-1DA6977C233B}.Debug|Any CPU.Build.0 = Debug|ARM
		{91CD0EDB-85F3-4281-B340-1DA6977C233B}.Debug|Any CPU.Deploy.0 = Debug|ARM
		{91CD0EDB-85F3-4281-B340-1DA6977C233B}.Debug|ARM.ActiveCfg = Debug|ARM
		{91CD0EDB-85F3-4281-B340-1DA6977C233B}.Debug|ARM.Build.0 = Debug|ARM
		{91CD0EDB-85F3-4281-B340-1DA6977C233B}.Debug|ARM.Deploy.0 = Debug|ARM
		{91CD0EDB-85F3-4281-B340-1DA6977C233B}.Debug|iPhone.ActiveCfg = Debug|Any CPU
		{91CD0EDB-85F3-4281-B340-1DA6977C233B}.Debug|iPhoneSimulator.ActiveCfg = Debug|Any CPU
		{91CD0EDB-85F3-4281-B340-1DA6977C233B}.Debug|Mixed Platforms.ActiveCfg = Debug|x86
		{91CD0EDB-85F3-4281-B340-1DA6977C233B}.Debug|Mixed Platforms.Build.0 = Debug|x86
		{91CD0EDB-85F3-4281-B340-1DA6977C233B}.Debug|x86.ActiveCfg = Debug|x86
		{91CD0EDB-85F3-4281-B340-1DA6977C233B}.Debug|x86.Build.0 = Debug|x86
		{91CD0EDB-85F3-4281-B340-1DA6977C233B}.Debug|x86.Deploy.0 = Debug|x86
		{91CD0EDB-85F3-4281-B340-1DA6977C233B}.Release|Any CPU.ActiveCfg = Release|Any CPU
		{91CD0EDB-85F3-4281-B340-1DA6977C233B}.Release|Any CPU.Build.0 = Release|Any CPU
		{91CD0EDB-85F3-4281-B340-1DA6977C233B}.Release|Any CPU.Deploy.0 = Release|Any CPU
		{91CD0EDB-85F3-4281-B340-1DA6977C233B}.Release|ARM.ActiveCfg = Release|ARM
		{91CD0EDB-85F3-4281-B340-1DA6977C233B}.Release|ARM.Build.0 = Release|ARM
		{91CD0EDB-85F3-4281-B340-1DA6977C233B}.Release|ARM.Deploy.0 = Release|ARM
		{91CD0EDB-85F3-4281-B340-1DA6977C233B}.Release|iPhone.ActiveCfg = Release|Any CPU
		{91CD0EDB-85F3-4281-B340-1DA6977C233B}.Release|iPhoneSimulator.ActiveCfg = Release|Any CPU
		{91CD0EDB-85F3-4281-B340-1DA6977C233B}.Release|Mixed Platforms.ActiveCfg = Release|x86
		{91CD0EDB-85F3-4281-B340-1DA6977C233B}.Release|Mixed Platforms.Build.0 = Release|x86
		{91CD0EDB-85F3-4281-B340-1DA6977C233B}.Release|Mixed Platforms.Deploy.0 = Release|x86
		{91CD0EDB-85F3-4281-B340-1DA6977C233B}.Release|x86.ActiveCfg = Release|x86
		{91CD0EDB-85F3-4281-B340-1DA6977C233B}.Release|x86.Build.0 = Release|x86
		{91CD0EDB-85F3-4281-B340-1DA6977C233B}.Release|x86.Deploy.0 = Release|x86
		{6A02ABA0-EE87-4C04-A065-BEF98D7F4E53}.Ad-Hoc|Any CPU.ActiveCfg = Ad-Hoc|iPhone
		{6A02ABA0-EE87-4C04-A065-BEF98D7F4E53}.Ad-Hoc|Any CPU.Build.0 = Ad-Hoc|iPhone
		{6A02ABA0-EE87-4C04-A065-BEF98D7F4E53}.Ad-Hoc|ARM.ActiveCfg = Ad-Hoc|iPhone
		{6A02ABA0-EE87-4C04-A065-BEF98D7F4E53}.Ad-Hoc|ARM.Build.0 = Ad-Hoc|iPhone
		{6A02ABA0-EE87-4C04-A065-BEF98D7F4E53}.Ad-Hoc|iPhone.ActiveCfg = Ad-Hoc|iPhone
		{6A02ABA0-EE87-4C04-A065-BEF98D7F4E53}.Ad-Hoc|iPhone.Build.0 = Ad-Hoc|iPhone
		{6A02ABA0-EE87-4C04-A065-BEF98D7F4E53}.Ad-Hoc|iPhone.Deploy.0 = Ad-Hoc|iPhone
		{6A02ABA0-EE87-4C04-A065-BEF98D7F4E53}.Ad-Hoc|iPhoneSimulator.ActiveCfg = Ad-Hoc|iPhoneSimulator
		{6A02ABA0-EE87-4C04-A065-BEF98D7F4E53}.Ad-Hoc|iPhoneSimulator.Build.0 = Ad-Hoc|iPhoneSimulator
		{6A02ABA0-EE87-4C04-A065-BEF98D7F4E53}.Ad-Hoc|iPhoneSimulator.Deploy.0 = Ad-Hoc|iPhoneSimulator
		{6A02ABA0-EE87-4C04-A065-BEF98D7F4E53}.Ad-Hoc|Mixed Platforms.ActiveCfg = Ad-Hoc|iPhone
		{6A02ABA0-EE87-4C04-A065-BEF98D7F4E53}.Ad-Hoc|Mixed Platforms.Build.0 = Ad-Hoc|iPhone
		{6A02ABA0-EE87-4C04-A065-BEF98D7F4E53}.Ad-Hoc|Mixed Platforms.Deploy.0 = Ad-Hoc|iPhone
		{6A02ABA0-EE87-4C04-A065-BEF98D7F4E53}.Ad-Hoc|x86.ActiveCfg = Ad-Hoc|iPhone
		{6A02ABA0-EE87-4C04-A065-BEF98D7F4E53}.Ad-Hoc|x86.Build.0 = Ad-Hoc|iPhone
		{6A02ABA0-EE87-4C04-A065-BEF98D7F4E53}.AppStore|Any CPU.ActiveCfg = AppStore|iPhone
		{6A02ABA0-EE87-4C04-A065-BEF98D7F4E53}.AppStore|Any CPU.Build.0 = AppStore|iPhone
		{6A02ABA0-EE87-4C04-A065-BEF98D7F4E53}.AppStore|ARM.ActiveCfg = AppStore|iPhone
		{6A02ABA0-EE87-4C04-A065-BEF98D7F4E53}.AppStore|ARM.Build.0 = AppStore|iPhone
		{6A02ABA0-EE87-4C04-A065-BEF98D7F4E53}.AppStore|iPhone.ActiveCfg = AppStore|iPhone
		{6A02ABA0-EE87-4C04-A065-BEF98D7F4E53}.AppStore|iPhone.Build.0 = AppStore|iPhone
		{6A02ABA0-EE87-4C04-A065-BEF98D7F4E53}.AppStore|iPhone.Deploy.0 = AppStore|iPhone
		{6A02ABA0-EE87-4C04-A065-BEF98D7F4E53}.AppStore|iPhoneSimulator.ActiveCfg = AppStore|iPhoneSimulator
		{6A02ABA0-EE87-4C04-A065-BEF98D7F4E53}.AppStore|iPhoneSimulator.Build.0 = AppStore|iPhoneSimulator
		{6A02ABA0-EE87-4C04-A065-BEF98D7F4E53}.AppStore|iPhoneSimulator.Deploy.0 = AppStore|iPhoneSimulator
		{6A02ABA0-EE87-4C04-A065-BEF98D7F4E53}.AppStore|Mixed Platforms.ActiveCfg = AppStore|iPhone
		{6A02ABA0-EE87-4C04-A065-BEF98D7F4E53}.AppStore|Mixed Platforms.Build.0 = AppStore|iPhone
		{6A02ABA0-EE87-4C04-A065-BEF98D7F4E53}.AppStore|Mixed Platforms.Deploy.0 = AppStore|iPhone
		{6A02ABA0-EE87-4C04-A065-BEF98D7F4E53}.AppStore|x86.ActiveCfg = AppStore|iPhone
		{6A02ABA0-EE87-4C04-A065-BEF98D7F4E53}.AppStore|x86.Build.0 = AppStore|iPhone
		{6A02ABA0-EE87-4C04-A065-BEF98D7F4E53}.Debug|Any CPU.ActiveCfg = Debug|iPhoneSimulator
		{6A02ABA0-EE87-4C04-A065-BEF98D7F4E53}.Debug|Any CPU.Build.0 = Debug|iPhoneSimulator
		{6A02ABA0-EE87-4C04-A065-BEF98D7F4E53}.Debug|Any CPU.Deploy.0 = Debug|iPhoneSimulator
		{6A02ABA0-EE87-4C04-A065-BEF98D7F4E53}.Debug|ARM.ActiveCfg = Debug|iPhone
		{6A02ABA0-EE87-4C04-A065-BEF98D7F4E53}.Debug|iPhone.ActiveCfg = Debug|iPhone
		{6A02ABA0-EE87-4C04-A065-BEF98D7F4E53}.Debug|iPhone.Build.0 = Debug|iPhone
		{6A02ABA0-EE87-4C04-A065-BEF98D7F4E53}.Debug|iPhone.Deploy.0 = Debug|iPhone
		{6A02ABA0-EE87-4C04-A065-BEF98D7F4E53}.Debug|iPhoneSimulator.ActiveCfg = Debug|iPhoneSimulator
		{6A02ABA0-EE87-4C04-A065-BEF98D7F4E53}.Debug|iPhoneSimulator.Build.0 = Debug|iPhoneSimulator
		{6A02ABA0-EE87-4C04-A065-BEF98D7F4E53}.Debug|iPhoneSimulator.Deploy.0 = Debug|iPhoneSimulator
		{6A02ABA0-EE87-4C04-A065-BEF98D7F4E53}.Debug|Mixed Platforms.ActiveCfg = Debug|iPhoneSimulator
		{6A02ABA0-EE87-4C04-A065-BEF98D7F4E53}.Debug|Mixed Platforms.Build.0 = Debug|iPhoneSimulator
		{6A02ABA0-EE87-4C04-A065-BEF98D7F4E53}.Debug|Mixed Platforms.Deploy.0 = Debug|iPhoneSimulator
		{6A02ABA0-EE87-4C04-A065-BEF98D7F4E53}.Debug|x86.ActiveCfg = Debug|iPhone
		{6A02ABA0-EE87-4C04-A065-BEF98D7F4E53}.Release|Any CPU.ActiveCfg = Release|iPhone
		{6A02ABA0-EE87-4C04-A065-BEF98D7F4E53}.Release|Any CPU.Build.0 = Release|iPhone
		{6A02ABA0-EE87-4C04-A065-BEF98D7F4E53}.Release|ARM.ActiveCfg = Release|iPhone
		{6A02ABA0-EE87-4C04-A065-BEF98D7F4E53}.Release|ARM.Build.0 = Release|iPhone
		{6A02ABA0-EE87-4C04-A065-BEF98D7F4E53}.Release|iPhone.ActiveCfg = Release|iPhone
		{6A02ABA0-EE87-4C04-A065-BEF98D7F4E53}.Release|iPhone.Build.0 = Release|iPhone
		{6A02ABA0-EE87-4C04-A065-BEF98D7F4E53}.Release|iPhone.Deploy.0 = Release|iPhone
		{6A02ABA0-EE87-4C04-A065-BEF98D7F4E53}.Release|iPhoneSimulator.ActiveCfg = Release|iPhoneSimulator
		{6A02ABA0-EE87-4C04-A065-BEF98D7F4E53}.Release|iPhoneSimulator.Build.0 = Release|iPhoneSimulator
		{6A02ABA0-EE87-4C04-A065-BEF98D7F4E53}.Release|iPhoneSimulator.Deploy.0 = Release|iPhoneSimulator
		{6A02ABA0-EE87-4C04-A065-BEF98D7F4E53}.Release|Mixed Platforms.ActiveCfg = Release|iPhoneSimulator
		{6A02ABA0-EE87-4C04-A065-BEF98D7F4E53}.Release|Mixed Platforms.Build.0 = Release|iPhoneSimulator
		{6A02ABA0-EE87-4C04-A065-BEF98D7F4E53}.Release|Mixed Platforms.Deploy.0 = Release|iPhoneSimulator
		{6A02ABA0-EE87-4C04-A065-BEF98D7F4E53}.Release|x86.ActiveCfg = Release|iPhone
		{6A02ABA0-EE87-4C04-A065-BEF98D7F4E53}.Release|x86.Build.0 = Release|iPhone
		{105D08DE-982A-4F39-9FB2-82735CF2F3F1}.Ad-Hoc|Any CPU.ActiveCfg = Release|Any CPU
		{105D08DE-982A-4F39-9FB2-82735CF2F3F1}.Ad-Hoc|Any CPU.Build.0 = Release|Any CPU
		{105D08DE-982A-4F39-9FB2-82735CF2F3F1}.Ad-Hoc|ARM.ActiveCfg = Release|ARM
		{105D08DE-982A-4F39-9FB2-82735CF2F3F1}.Ad-Hoc|ARM.Build.0 = Release|ARM
		{105D08DE-982A-4F39-9FB2-82735CF2F3F1}.Ad-Hoc|iPhone.ActiveCfg = Release|Any CPU
		{105D08DE-982A-4F39-9FB2-82735CF2F3F1}.Ad-Hoc|iPhoneSimulator.ActiveCfg = Release|Any CPU
		{105D08DE-982A-4F39-9FB2-82735CF2F3F1}.Ad-Hoc|Mixed Platforms.ActiveCfg = Release|x86
		{105D08DE-982A-4F39-9FB2-82735CF2F3F1}.Ad-Hoc|Mixed Platforms.Build.0 = Release|x86
		{105D08DE-982A-4F39-9FB2-82735CF2F3F1}.Ad-Hoc|x86.ActiveCfg = Release|x86
		{105D08DE-982A-4F39-9FB2-82735CF2F3F1}.Ad-Hoc|x86.Build.0 = Release|x86
		{105D08DE-982A-4F39-9FB2-82735CF2F3F1}.AppStore|Any CPU.ActiveCfg = Release|Any CPU
		{105D08DE-982A-4F39-9FB2-82735CF2F3F1}.AppStore|Any CPU.Build.0 = Release|Any CPU
		{105D08DE-982A-4F39-9FB2-82735CF2F3F1}.AppStore|ARM.ActiveCfg = Release|ARM
		{105D08DE-982A-4F39-9FB2-82735CF2F3F1}.AppStore|ARM.Build.0 = Release|ARM
		{105D08DE-982A-4F39-9FB2-82735CF2F3F1}.AppStore|iPhone.ActiveCfg = Release|Any CPU
		{105D08DE-982A-4F39-9FB2-82735CF2F3F1}.AppStore|iPhoneSimulator.ActiveCfg = Release|Any CPU
		{105D08DE-982A-4F39-9FB2-82735CF2F3F1}.AppStore|Mixed Platforms.ActiveCfg = Release|x86
		{105D08DE-982A-4F39-9FB2-82735CF2F3F1}.AppStore|Mixed Platforms.Build.0 = Release|x86
		{105D08DE-982A-4F39-9FB2-82735CF2F3F1}.AppStore|x86.ActiveCfg = Release|x86
		{105D08DE-982A-4F39-9FB2-82735CF2F3F1}.AppStore|x86.Build.0 = Release|x86
		{105D08DE-982A-4F39-9FB2-82735CF2F3F1}.Debug|Any CPU.ActiveCfg = Debug|ARM
		{105D08DE-982A-4F39-9FB2-82735CF2F3F1}.Debug|Any CPU.Build.0 = Debug|ARM
		{105D08DE-982A-4F39-9FB2-82735CF2F3F1}.Debug|ARM.ActiveCfg = Debug|ARM
		{105D08DE-982A-4F39-9FB2-82735CF2F3F1}.Debug|ARM.Build.0 = Debug|ARM
		{105D08DE-982A-4F39-9FB2-82735CF2F3F1}.Debug|iPhone.ActiveCfg = Debug|Any CPU
		{105D08DE-982A-4F39-9FB2-82735CF2F3F1}.Debug|iPhoneSimulator.ActiveCfg = Debug|Any CPU
		{105D08DE-982A-4F39-9FB2-82735CF2F3F1}.Debug|Mixed Platforms.ActiveCfg = Debug|x86
		{105D08DE-982A-4F39-9FB2-82735CF2F3F1}.Debug|Mixed Platforms.Build.0 = Debug|x86
		{105D08DE-982A-4F39-9FB2-82735CF2F3F1}.Debug|x86.ActiveCfg = Debug|x86
		{105D08DE-982A-4F39-9FB2-82735CF2F3F1}.Debug|x86.Build.0 = Debug|x86
		{105D08DE-982A-4F39-9FB2-82735CF2F3F1}.Release|Any CPU.ActiveCfg = Release|Any CPU
		{105D08DE-982A-4F39-9FB2-82735CF2F3F1}.Release|Any CPU.Build.0 = Release|Any CPU
		{105D08DE-982A-4F39-9FB2-82735CF2F3F1}.Release|ARM.ActiveCfg = Release|ARM
		{105D08DE-982A-4F39-9FB2-82735CF2F3F1}.Release|ARM.Build.0 = Release|ARM
		{105D08DE-982A-4F39-9FB2-82735CF2F3F1}.Release|iPhone.ActiveCfg = Release|Any CPU
		{105D08DE-982A-4F39-9FB2-82735CF2F3F1}.Release|iPhoneSimulator.ActiveCfg = Release|Any CPU
		{105D08DE-982A-4F39-9FB2-82735CF2F3F1}.Release|Mixed Platforms.ActiveCfg = Release|x86
		{105D08DE-982A-4F39-9FB2-82735CF2F3F1}.Release|Mixed Platforms.Build.0 = Release|x86
		{105D08DE-982A-4F39-9FB2-82735CF2F3F1}.Release|x86.ActiveCfg = Release|x86
		{105D08DE-982A-4F39-9FB2-82735CF2F3F1}.Release|x86.Build.0 = Release|x86
		{40D46760-E7FD-4053-AD6B-07DC84D23BED}.Ad-Hoc|Any CPU.ActiveCfg = Release|Any CPU
		{40D46760-E7FD-4053-AD6B-07DC84D23BED}.Ad-Hoc|Any CPU.Build.0 = Release|Any CPU
		{40D46760-E7FD-4053-AD6B-07DC84D23BED}.Ad-Hoc|ARM.ActiveCfg = Release|Any CPU
		{40D46760-E7FD-4053-AD6B-07DC84D23BED}.Ad-Hoc|iPhone.ActiveCfg = Release|Any CPU
		{40D46760-E7FD-4053-AD6B-07DC84D23BED}.Ad-Hoc|iPhoneSimulator.ActiveCfg = Release|Any CPU
		{40D46760-E7FD-4053-AD6B-07DC84D23BED}.Ad-Hoc|Mixed Platforms.ActiveCfg = Release|Any CPU
		{40D46760-E7FD-4053-AD6B-07DC84D23BED}.Ad-Hoc|Mixed Platforms.Build.0 = Release|Any CPU
		{40D46760-E7FD-4053-AD6B-07DC84D23BED}.Ad-Hoc|x86.ActiveCfg = Release|Any CPU
		{40D46760-E7FD-4053-AD6B-07DC84D23BED}.AppStore|Any CPU.ActiveCfg = Release|Any CPU
		{40D46760-E7FD-4053-AD6B-07DC84D23BED}.AppStore|Any CPU.Build.0 = Release|Any CPU
		{40D46760-E7FD-4053-AD6B-07DC84D23BED}.AppStore|ARM.ActiveCfg = Release|Any CPU
		{40D46760-E7FD-4053-AD6B-07DC84D23BED}.AppStore|iPhone.ActiveCfg = Release|Any CPU
		{40D46760-E7FD-4053-AD6B-07DC84D23BED}.AppStore|iPhoneSimulator.ActiveCfg = Release|Any CPU
		{40D46760-E7FD-4053-AD6B-07DC84D23BED}.AppStore|Mixed Platforms.ActiveCfg = Release|Any CPU
		{40D46760-E7FD-4053-AD6B-07DC84D23BED}.AppStore|Mixed Platforms.Build.0 = Release|Any CPU
		{40D46760-E7FD-4053-AD6B-07DC84D23BED}.AppStore|x86.ActiveCfg = Release|Any CPU
		{40D46760-E7FD-4053-AD6B-07DC84D23BED}.Debug|Any CPU.ActiveCfg = Debug|Any CPU
		{40D46760-E7FD-4053-AD6B-07DC84D23BED}.Debug|Any CPU.Build.0 = Debug|Any CPU
		{40D46760-E7FD-4053-AD6B-07DC84D23BED}.Debug|ARM.ActiveCfg = Debug|Any CPU
		{40D46760-E7FD-4053-AD6B-07DC84D23BED}.Debug|ARM.Build.0 = Debug|Any CPU
		{40D46760-E7FD-4053-AD6B-07DC84D23BED}.Debug|iPhone.ActiveCfg = Debug|Any CPU
		{40D46760-E7FD-4053-AD6B-07DC84D23BED}.Debug|iPhone.Build.0 = Debug|Any CPU
		{40D46760-E7FD-4053-AD6B-07DC84D23BED}.Debug|iPhoneSimulator.ActiveCfg = Debug|Any CPU
		{40D46760-E7FD-4053-AD6B-07DC84D23BED}.Debug|iPhoneSimulator.Build.0 = Debug|Any CPU
		{40D46760-E7FD-4053-AD6B-07DC84D23BED}.Debug|Mixed Platforms.ActiveCfg = Debug|Any CPU
		{40D46760-E7FD-4053-AD6B-07DC84D23BED}.Debug|Mixed Platforms.Build.0 = Debug|Any CPU
		{40D46760-E7FD-4053-AD6B-07DC84D23BED}.Debug|x86.ActiveCfg = Debug|Any CPU
		{40D46760-E7FD-4053-AD6B-07DC84D23BED}.Debug|x86.Build.0 = Debug|Any CPU
		{40D46760-E7FD-4053-AD6B-07DC84D23BED}.Release|Any CPU.ActiveCfg = Release|Any CPU
		{40D46760-E7FD-4053-AD6B-07DC84D23BED}.Release|Any CPU.Build.0 = Release|Any CPU
		{40D46760-E7FD-4053-AD6B-07DC84D23BED}.Release|ARM.ActiveCfg = Release|Any CPU
		{40D46760-E7FD-4053-AD6B-07DC84D23BED}.Release|iPhone.ActiveCfg = Release|Any CPU
		{40D46760-E7FD-4053-AD6B-07DC84D23BED}.Release|iPhoneSimulator.ActiveCfg = Release|Any CPU
		{40D46760-E7FD-4053-AD6B-07DC84D23BED}.Release|Mixed Platforms.ActiveCfg = Release|Any CPU
		{40D46760-E7FD-4053-AD6B-07DC84D23BED}.Release|Mixed Platforms.Build.0 = Release|Any CPU
		{40D46760-E7FD-4053-AD6B-07DC84D23BED}.Release|x86.ActiveCfg = Release|Any CPU
		{0466351D-9A60-488B-A93A-A8F8BC945E0C}.Ad-Hoc|Any CPU.ActiveCfg = Release|Any CPU
		{0466351D-9A60-488B-A93A-A8F8BC945E0C}.Ad-Hoc|Any CPU.Build.0 = Release|Any CPU
		{0466351D-9A60-488B-A93A-A8F8BC945E0C}.Ad-Hoc|ARM.ActiveCfg = Release|Any CPU
		{0466351D-9A60-488B-A93A-A8F8BC945E0C}.Ad-Hoc|iPhone.ActiveCfg = Release|Any CPU
		{0466351D-9A60-488B-A93A-A8F8BC945E0C}.Ad-Hoc|iPhoneSimulator.ActiveCfg = Release|Any CPU
		{0466351D-9A60-488B-A93A-A8F8BC945E0C}.Ad-Hoc|Mixed Platforms.ActiveCfg = Release|Any CPU
		{0466351D-9A60-488B-A93A-A8F8BC945E0C}.Ad-Hoc|Mixed Platforms.Build.0 = Release|Any CPU
		{0466351D-9A60-488B-A93A-A8F8BC945E0C}.Ad-Hoc|x86.ActiveCfg = Release|Any CPU
		{0466351D-9A60-488B-A93A-A8F8BC945E0C}.AppStore|Any CPU.ActiveCfg = Release|Any CPU
		{0466351D-9A60-488B-A93A-A8F8BC945E0C}.AppStore|Any CPU.Build.0 = Release|Any CPU
		{0466351D-9A60-488B-A93A-A8F8BC945E0C}.AppStore|ARM.ActiveCfg = Release|Any CPU
		{0466351D-9A60-488B-A93A-A8F8BC945E0C}.AppStore|iPhone.ActiveCfg = Release|Any CPU
		{0466351D-9A60-488B-A93A-A8F8BC945E0C}.AppStore|iPhoneSimulator.ActiveCfg = Release|Any CPU
		{0466351D-9A60-488B-A93A-A8F8BC945E0C}.AppStore|Mixed Platforms.ActiveCfg = Release|Any CPU
		{0466351D-9A60-488B-A93A-A8F8BC945E0C}.AppStore|Mixed Platforms.Build.0 = Release|Any CPU
		{0466351D-9A60-488B-A93A-A8F8BC945E0C}.AppStore|x86.ActiveCfg = Release|Any CPU
		{0466351D-9A60-488B-A93A-A8F8BC945E0C}.Debug|Any CPU.ActiveCfg = Debug|Any CPU
		{0466351D-9A60-488B-A93A-A8F8BC945E0C}.Debug|Any CPU.Build.0 = Debug|Any CPU
		{0466351D-9A60-488B-A93A-A8F8BC945E0C}.Debug|ARM.ActiveCfg = Debug|Any CPU
		{0466351D-9A60-488B-A93A-A8F8BC945E0C}.Debug|iPhone.ActiveCfg = Debug|Any CPU
		{0466351D-9A60-488B-A93A-A8F8BC945E0C}.Debug|iPhoneSimulator.ActiveCfg = Debug|Any CPU
		{0466351D-9A60-488B-A93A-A8F8BC945E0C}.Debug|Mixed Platforms.ActiveCfg = Debug|Any CPU
		{0466351D-9A60-488B-A93A-A8F8BC945E0C}.Debug|x86.ActiveCfg = Debug|Any CPU
		{0466351D-9A60-488B-A93A-A8F8BC945E0C}.Release|Any CPU.ActiveCfg = Release|Any CPU
		{0466351D-9A60-488B-A93A-A8F8BC945E0C}.Release|Any CPU.Build.0 = Release|Any CPU
		{0466351D-9A60-488B-A93A-A8F8BC945E0C}.Release|ARM.ActiveCfg = Release|Any CPU
		{0466351D-9A60-488B-A93A-A8F8BC945E0C}.Release|iPhone.ActiveCfg = Release|Any CPU
		{0466351D-9A60-488B-A93A-A8F8BC945E0C}.Release|iPhoneSimulator.ActiveCfg = Release|Any CPU
		{0466351D-9A60-488B-A93A-A8F8BC945E0C}.Release|Mixed Platforms.ActiveCfg = Release|Any CPU
		{0466351D-9A60-488B-A93A-A8F8BC945E0C}.Release|Mixed Platforms.Build.0 = Release|Any CPU
		{0466351D-9A60-488B-A93A-A8F8BC945E0C}.Release|x86.ActiveCfg = Release|Any CPU
	EndGlobalSection
	GlobalSection(SolutionProperties) = preSolution
		HideSolutionNode = FALSE
	EndGlobalSection
	GlobalSection(NestedProjects) = preSolution
		{105D08DE-982A-4F39-9FB2-82735CF2F3F1} = {B8AB4E34-5324-4F81-A850-E99C16C02C85}
	EndGlobalSection
	GlobalSection(MonoDevelopProperties) = preSolution
		StartupItem = MobileCRM.Android\MobileCRM.Android.csproj
	EndGlobalSection
EndGlobal
