
Microsoft Visual Studio Solution File, Format Version 12.00
# Visual Studio 14
VisualStudioVersion = 14.0.23107.0
MinimumVisualStudioVersion = 10.0.40219.1
Project("{2150E333-8FDC-42A3-9474-1A3956D46DE8}") = "App", "App", "{74033BF4-FAF4-4FA6-8615-9257BB03A3F8}"
EndProject
Project("{FAE04EC0-301F-11D3-BF4B-00C04F79EFBC}") = "XamarinCRM", "XamarinCRM\XamarinCRM.csproj", "{ABC0A8BC-C421-45E3-AC2E-5AC02CC1E1E6}"
EndProject
Project("{FAE04EC0-301F-11D3-BF4B-00C04F79EFBC}") = "XamarinCRM.iOS", "XamarinCRM.iOS\XamarinCRM.iOS.csproj", "{843BA4E5-2ED1-4EFD-94E6-5890B7D6DE26}"
EndProject
Project("{FAE04EC0-301F-11D3-BF4B-00C04F79EFBC}") = "XamarinCRM.Android", "XamarinCRM.Android\XamarinCRM.Android.csproj", "{8ECB70BE-3573-419E-92EE-B679EA8B4D2D}"
EndProject
Project("{2150E333-8FDC-42A3-9474-1A3956D46DE8}") = "Tests", "Tests", "{D13AD9AC-245A-482B-BDD8-CB0C1E6F1ED4}"
EndProject
Project("{FAE04EC0-301F-11D3-BF4B-00C04F79EFBC}") = "XamarinCRM.UITest", "XamarinCRM.UITest\XamarinCRM.UITest.csproj", "{6FDED745-BC57-4153-A591-8366001ACB63}"
EndProject
Global
	GlobalSection(SolutionConfigurationPlatforms) = preSolution
		Debug|Any CPU = Debug|Any CPU
		Debug|iPhone = Debug|iPhone
		Debug|iPhoneSimulator = Debug|iPhoneSimulator
		InHouse|Any CPU = InHouse|Any CPU
		InHouse|iPhone = InHouse|iPhone
		InHouse|iPhoneSimulator = InHouse|iPhoneSimulator
		Release|Any CPU = Release|Any CPU
		Release|iPhone = Release|iPhone
		Release|iPhoneSimulator = Release|iPhoneSimulator
	EndGlobalSection
	GlobalSection(ProjectConfigurationPlatforms) = postSolution
		{ABC0A8BC-C421-45E3-AC2E-5AC02CC1E1E6}.Debug|Any CPU.ActiveCfg = Debug|Any CPU
		{ABC0A8BC-C421-45E3-AC2E-5AC02CC1E1E6}.Debug|Any CPU.Build.0 = Debug|Any CPU
		{ABC0A8BC-C421-45E3-AC2E-5AC02CC1E1E6}.Debug|iPhone.ActiveCfg = Debug|Any CPU
		{ABC0A8BC-C421-45E3-AC2E-5AC02CC1E1E6}.Debug|iPhone.Build.0 = Debug|Any CPU
		{ABC0A8BC-C421-45E3-AC2E-5AC02CC1E1E6}.Debug|iPhoneSimulator.ActiveCfg = Debug|Any CPU
		{ABC0A8BC-C421-45E3-AC2E-5AC02CC1E1E6}.Debug|iPhoneSimulator.Build.0 = Debug|Any CPU
		{ABC0A8BC-C421-45E3-AC2E-5AC02CC1E1E6}.InHouse|Any CPU.ActiveCfg = Release|Any CPU
		{ABC0A8BC-C421-45E3-AC2E-5AC02CC1E1E6}.InHouse|Any CPU.Build.0 = Release|Any CPU
		{ABC0A8BC-C421-45E3-AC2E-5AC02CC1E1E6}.InHouse|iPhone.ActiveCfg = Debug|Any CPU
		{ABC0A8BC-C421-45E3-AC2E-5AC02CC1E1E6}.InHouse|iPhone.Build.0 = Debug|Any CPU
		{ABC0A8BC-C421-45E3-AC2E-5AC02CC1E1E6}.InHouse|iPhoneSimulator.ActiveCfg = Release|Any CPU
		{ABC0A8BC-C421-45E3-AC2E-5AC02CC1E1E6}.InHouse|iPhoneSimulator.Build.0 = Release|Any CPU
		{ABC0A8BC-C421-45E3-AC2E-5AC02CC1E1E6}.Release|Any CPU.ActiveCfg = Release|Any CPU
		{ABC0A8BC-C421-45E3-AC2E-5AC02CC1E1E6}.Release|Any CPU.Build.0 = Release|Any CPU
		{ABC0A8BC-C421-45E3-AC2E-5AC02CC1E1E6}.Release|iPhone.ActiveCfg = Release|Any CPU
		{ABC0A8BC-C421-45E3-AC2E-5AC02CC1E1E6}.Release|iPhone.Build.0 = Release|Any CPU
		{ABC0A8BC-C421-45E3-AC2E-5AC02CC1E1E6}.Release|iPhoneSimulator.ActiveCfg = Release|Any CPU
		{ABC0A8BC-C421-45E3-AC2E-5AC02CC1E1E6}.Release|iPhoneSimulator.Build.0 = Release|Any CPU
		{843BA4E5-2ED1-4EFD-94E6-5890B7D6DE26}.Debug|Any CPU.ActiveCfg = Debug|iPhoneSimulator
		{843BA4E5-2ED1-4EFD-94E6-5890B7D6DE26}.Debug|Any CPU.Build.0 = Debug|iPhoneSimulator
		{843BA4E5-2ED1-4EFD-94E6-5890B7D6DE26}.Debug|iPhone.ActiveCfg = Debug|iPhone
		{843BA4E5-2ED1-4EFD-94E6-5890B7D6DE26}.Debug|iPhone.Build.0 = Debug|iPhone
		{843BA4E5-2ED1-4EFD-94E6-5890B7D6DE26}.Debug|iPhoneSimulator.ActiveCfg = Debug|iPhoneSimulator
		{843BA4E5-2ED1-4EFD-94E6-5890B7D6DE26}.Debug|iPhoneSimulator.Build.0 = Debug|iPhoneSimulator
		{843BA4E5-2ED1-4EFD-94E6-5890B7D6DE26}.InHouse|Any CPU.ActiveCfg = Release|iPhoneSimulator
		{843BA4E5-2ED1-4EFD-94E6-5890B7D6DE26}.InHouse|Any CPU.Build.0 = Release|iPhoneSimulator
		{843BA4E5-2ED1-4EFD-94E6-5890B7D6DE26}.InHouse|iPhone.ActiveCfg = Release|iPhone
		{843BA4E5-2ED1-4EFD-94E6-5890B7D6DE26}.InHouse|iPhone.Build.0 = Release|iPhone
		{843BA4E5-2ED1-4EFD-94E6-5890B7D6DE26}.InHouse|iPhoneSimulator.ActiveCfg = Release|iPhoneSimulator
		{843BA4E5-2ED1-4EFD-94E6-5890B7D6DE26}.InHouse|iPhoneSimulator.Build.0 = Release|iPhoneSimulator
		{843BA4E5-2ED1-4EFD-94E6-5890B7D6DE26}.Release|Any CPU.ActiveCfg = Release|iPhone
		{843BA4E5-2ED1-4EFD-94E6-5890B7D6DE26}.Release|Any CPU.Build.0 = Release|iPhone
		{843BA4E5-2ED1-4EFD-94E6-5890B7D6DE26}.Release|iPhone.ActiveCfg = Release|iPhone
		{843BA4E5-2ED1-4EFD-94E6-5890B7D6DE26}.Release|iPhone.Build.0 = Release|iPhone
		{843BA4E5-2ED1-4EFD-94E6-5890B7D6DE26}.Release|iPhoneSimulator.ActiveCfg = Release|iPhoneSimulator
		{843BA4E5-2ED1-4EFD-94E6-5890B7D6DE26}.Release|iPhoneSimulator.Build.0 = Release|iPhoneSimulator
		{8ECB70BE-3573-419E-92EE-B679EA8B4D2D}.Debug|Any CPU.ActiveCfg = Debug|Any CPU
		{8ECB70BE-3573-419E-92EE-B679EA8B4D2D}.Debug|Any CPU.Build.0 = Debug|Any CPU
		{8ECB70BE-3573-419E-92EE-B679EA8B4D2D}.Debug|iPhone.ActiveCfg = Debug|Any CPU
		{8ECB70BE-3573-419E-92EE-B679EA8B4D2D}.Debug|iPhone.Build.0 = Debug|Any CPU
		{8ECB70BE-3573-419E-92EE-B679EA8B4D2D}.Debug|iPhoneSimulator.ActiveCfg = Debug|Any CPU
		{8ECB70BE-3573-419E-92EE-B679EA8B4D2D}.Debug|iPhoneSimulator.Build.0 = Debug|Any CPU
		{8ECB70BE-3573-419E-92EE-B679EA8B4D2D}.InHouse|Any CPU.ActiveCfg = Release|Any CPU
		{8ECB70BE-3573-419E-92EE-B679EA8B4D2D}.InHouse|Any CPU.Build.0 = Release|Any CPU
		{8ECB70BE-3573-419E-92EE-B679EA8B4D2D}.InHouse|Any CPU.Deploy.0 = Release|Any CPU
		{8ECB70BE-3573-419E-92EE-B679EA8B4D2D}.InHouse|iPhone.ActiveCfg = Debug|Any CPU
		{8ECB70BE-3573-419E-92EE-B679EA8B4D2D}.InHouse|iPhone.Build.0 = Debug|Any CPU
		{8ECB70BE-3573-419E-92EE-B679EA8B4D2D}.InHouse|iPhoneSimulator.ActiveCfg = Release|Any CPU
		{8ECB70BE-3573-419E-92EE-B679EA8B4D2D}.InHouse|iPhoneSimulator.Build.0 = Release|Any CPU
		{8ECB70BE-3573-419E-92EE-B679EA8B4D2D}.InHouse|iPhoneSimulator.Deploy.0 = Release|Any CPU
		{8ECB70BE-3573-419E-92EE-B679EA8B4D2D}.Release|Any CPU.ActiveCfg = Release|Any CPU
		{8ECB70BE-3573-419E-92EE-B679EA8B4D2D}.Release|Any CPU.Build.0 = Release|Any CPU
		{8ECB70BE-3573-419E-92EE-B679EA8B4D2D}.Release|iPhone.ActiveCfg = Release|Any CPU
		{8ECB70BE-3573-419E-92EE-B679EA8B4D2D}.Release|iPhone.Build.0 = Release|Any CPU
		{8ECB70BE-3573-419E-92EE-B679EA8B4D2D}.Release|iPhoneSimulator.ActiveCfg = Release|Any CPU
		{8ECB70BE-3573-419E-92EE-B679EA8B4D2D}.Release|iPhoneSimulator.Build.0 = Release|Any CPU
		{6FDED745-BC57-4153-A591-8366001ACB63}.Debug|Any CPU.ActiveCfg = Debug|Any CPU
		{6FDED745-BC57-4153-A591-8366001ACB63}.Debug|Any CPU.Build.0 = Debug|Any CPU
		{6FDED745-BC57-4153-A591-8366001ACB63}.Debug|iPhone.ActiveCfg = Debug|Any CPU
		{6FDED745-BC57-4153-A591-8366001ACB63}.Debug|iPhone.Build.0 = Debug|Any CPU
		{6FDED745-BC57-4153-A591-8366001ACB63}.Debug|iPhoneSimulator.ActiveCfg = Debug|Any CPU
		{6FDED745-BC57-4153-A591-8366001ACB63}.Debug|iPhoneSimulator.Build.0 = Debug|Any CPU
		{6FDED745-BC57-4153-A591-8366001ACB63}.InHouse|Any CPU.ActiveCfg = InHouse|Any CPU
		{6FDED745-BC57-4153-A591-8366001ACB63}.InHouse|Any CPU.Build.0 = InHouse|Any CPU
		{6FDED745-BC57-4153-A591-8366001ACB63}.InHouse|iPhone.ActiveCfg = InHouse|iPhone
		{6FDED745-BC57-4153-A591-8366001ACB63}.InHouse|iPhone.Build.0 = InHouse|iPhone
		{6FDED745-BC57-4153-A591-8366001ACB63}.InHouse|iPhoneSimulator.ActiveCfg = InHouse|Any CPU
		{6FDED745-BC57-4153-A591-8366001ACB63}.InHouse|iPhoneSimulator.Build.0 = InHouse|Any CPU
		{6FDED745-BC57-4153-A591-8366001ACB63}.Release|Any CPU.ActiveCfg = Release|Any CPU
		{6FDED745-BC57-4153-A591-8366001ACB63}.Release|Any CPU.Build.0 = Release|Any CPU
		{6FDED745-BC57-4153-A591-8366001ACB63}.Release|iPhone.ActiveCfg = Release|Any CPU
		{6FDED745-BC57-4153-A591-8366001ACB63}.Release|iPhone.Build.0 = Release|Any CPU
		{6FDED745-BC57-4153-A591-8366001ACB63}.Release|iPhoneSimulator.ActiveCfg = Release|Any CPU
		{6FDED745-BC57-4153-A591-8366001ACB63}.Release|iPhoneSimulator.Build.0 = Release|Any CPU
	EndGlobalSection
	GlobalSection(SolutionProperties) = preSolution
		HideSolutionNode = FALSE
	EndGlobalSection
	GlobalSection(NestedProjects) = preSolution
		{ABC0A8BC-C421-45E3-AC2E-5AC02CC1E1E6} = {74033BF4-FAF4-4FA6-8615-9257BB03A3F8}
		{843BA4E5-2ED1-4EFD-94E6-5890B7D6DE26} = {74033BF4-FAF4-4FA6-8615-9257BB03A3F8}
		{8ECB70BE-3573-419E-92EE-B679EA8B4D2D} = {74033BF4-FAF4-4FA6-8615-9257BB03A3F8}
		{6FDED745-BC57-4153-A591-8366001ACB63} = {D13AD9AC-245A-482B-BDD8-CB0C1E6F1ED4}
	EndGlobalSection
EndGlobal
