
Microsoft Visual Studio Solution File, Format Version 12.00
# Visual Studio 2012
VisualStudioVersion = 14.0.23107.0
MinimumVisualStudioVersion = 10.0.40219.1
Project("{2150E333-8FDC-42A3-9474-1A3956D46DE8}") = "Tests", "Tests", "{46347678-320C-480A-B278-F436620C6BC7}"
EndProject
Project("{FAE04EC0-301F-11D3-BF4B-00C04F79EFBC}") = "XamarinCRM.UITest", "XamarinCRM.UITest\XamarinCRM.UITest.csproj", "{6FDED745-BC57-4153-A591-8366001ACB63}"
EndProject
Project("{2150E333-8FDC-42A3-9474-1A3956D46DE8}") = "App", "App", "{63274171-4425-47D3-8687-1972189E84DE}"
EndProject
Project("{FAE04EC0-301F-11D3-BF4B-00C04F79EFBC}") = "XamarinCRM", "XamarinCRM\XamarinCRM.csproj", "{458941D2-77A4-4B2C-8520-B6EF75947B09}"
EndProject
Project("{FAE04EC0-301F-11D3-BF4B-00C04F79EFBC}") = "XamarinCRM.Android", "XamarinCRM.Android\XamarinCRM.Android.csproj", "{83491F6D-BA09-477D-9DC0-3E670794579F}"
EndProject
Project("{FAE04EC0-301F-11D3-BF4B-00C04F79EFBC}") = "XamarinCRM.iOS", "XamarinCRM.iOS\XamarinCRM.iOS.csproj", "{6A02ABA0-EE87-4C04-A065-BEF98D7F4E53}"
EndProject
Global
	GlobalSection(SolutionConfigurationPlatforms) = preSolution
		Ad-Hoc|Any CPU = Ad-Hoc|Any CPU
		Ad-Hoc|ARM = Ad-Hoc|ARM
		Ad-Hoc|iPhone = Ad-Hoc|iPhone
		Ad-Hoc|iPhoneSimulator = Ad-Hoc|iPhoneSimulator
		Ad-Hoc|Mixed Platforms = Ad-Hoc|Mixed Platforms
		Ad-Hoc|x86 = Ad-Hoc|x86
		Android|Any CPU = Android|Any CPU
		Android|ARM = Android|ARM
		Android|iPhone = Android|iPhone
		Android|iPhoneSimulator = Android|iPhoneSimulator
		Android|Mixed Platforms = Android|Mixed Platforms
		Android|x86 = Android|x86
		AppStore|Any CPU = AppStore|Any CPU
		AppStore|ARM = AppStore|ARM
		AppStore|iPhone = AppStore|iPhone
		AppStore|iPhoneSimulator = AppStore|iPhoneSimulator
		AppStore|Mixed Platforms = AppStore|Mixed Platforms
		AppStore|x86 = AppStore|x86
		Debug|Any CPU = Debug|Any CPU
		Debug|ARM = Debug|ARM
		Debug|iPhone = Debug|iPhone
		Debug|iPhoneSimulator = Debug|iPhoneSimulator
		Debug|Mixed Platforms = Debug|Mixed Platforms
		Debug|x86 = Debug|x86
		InHouse|Any CPU = InHouse|Any CPU
		InHouse|ARM = InHouse|ARM
		InHouse|iPhone = InHouse|iPhone
		InHouse|iPhoneSimulator = InHouse|iPhoneSimulator
		InHouse|Mixed Platforms = InHouse|Mixed Platforms
		InHouse|x86 = InHouse|x86
		IOS|Any CPU = IOS|Any CPU
		IOS|ARM = IOS|ARM
		IOS|iPhone = IOS|iPhone
		IOS|iPhoneSimulator = IOS|iPhoneSimulator
		IOS|Mixed Platforms = IOS|Mixed Platforms
		IOS|x86 = IOS|x86
		Release|Any CPU = Release|Any CPU
		Release|ARM = Release|ARM
		Release|iPhone = Release|iPhone
		Release|iPhoneSimulator = Release|iPhoneSimulator
		Release|Mixed Platforms = Release|Mixed Platforms
		Release|x86 = Release|x86
	EndGlobalSection
	GlobalSection(ProjectConfigurationPlatforms) = postSolution
		{458941D2-77A4-4B2C-8520-B6EF75947B09}.Ad-Hoc|Any CPU.ActiveCfg = Debug|Any CPU
		{458941D2-77A4-4B2C-8520-B6EF75947B09}.Ad-Hoc|Any CPU.Build.0 = Debug|Any CPU
		{458941D2-77A4-4B2C-8520-B6EF75947B09}.Ad-Hoc|ARM.ActiveCfg = Debug|Any CPU
		{458941D2-77A4-4B2C-8520-B6EF75947B09}.Ad-Hoc|ARM.Build.0 = Debug|Any CPU
		{458941D2-77A4-4B2C-8520-B6EF75947B09}.Ad-Hoc|iPhone.ActiveCfg = Debug|Any CPU
		{458941D2-77A4-4B2C-8520-B6EF75947B09}.Ad-Hoc|iPhone.Build.0 = Debug|Any CPU
		{458941D2-77A4-4B2C-8520-B6EF75947B09}.Ad-Hoc|iPhoneSimulator.ActiveCfg = Debug|Any CPU
		{458941D2-77A4-4B2C-8520-B6EF75947B09}.Ad-Hoc|iPhoneSimulator.Build.0 = Debug|Any CPU
		{458941D2-77A4-4B2C-8520-B6EF75947B09}.Ad-Hoc|Mixed Platforms.ActiveCfg = Debug|Any CPU
		{458941D2-77A4-4B2C-8520-B6EF75947B09}.Ad-Hoc|Mixed Platforms.Build.0 = Debug|Any CPU
		{458941D2-77A4-4B2C-8520-B6EF75947B09}.Ad-Hoc|x86.ActiveCfg = Debug|Any CPU
		{458941D2-77A4-4B2C-8520-B6EF75947B09}.Ad-Hoc|x86.Build.0 = Debug|Any CPU
		{458941D2-77A4-4B2C-8520-B6EF75947B09}.Android|Any CPU.ActiveCfg = Debug|Any CPU
		{458941D2-77A4-4B2C-8520-B6EF75947B09}.Android|Any CPU.Build.0 = Debug|Any CPU
		{458941D2-77A4-4B2C-8520-B6EF75947B09}.Android|ARM.ActiveCfg = Debug|Any CPU
		{458941D2-77A4-4B2C-8520-B6EF75947B09}.Android|ARM.Build.0 = Debug|Any CPU
		{458941D2-77A4-4B2C-8520-B6EF75947B09}.Android|iPhone.ActiveCfg = Debug|Any CPU
		{458941D2-77A4-4B2C-8520-B6EF75947B09}.Android|iPhone.Build.0 = Debug|Any CPU
		{458941D2-77A4-4B2C-8520-B6EF75947B09}.Android|iPhoneSimulator.ActiveCfg = Debug|Any CPU
		{458941D2-77A4-4B2C-8520-B6EF75947B09}.Android|iPhoneSimulator.Build.0 = Debug|Any CPU
		{458941D2-77A4-4B2C-8520-B6EF75947B09}.Android|Mixed Platforms.ActiveCfg = Debug|Any CPU
		{458941D2-77A4-4B2C-8520-B6EF75947B09}.Android|Mixed Platforms.Build.0 = Debug|Any CPU
		{458941D2-77A4-4B2C-8520-B6EF75947B09}.Android|x86.ActiveCfg = Debug|Any CPU
		{458941D2-77A4-4B2C-8520-B6EF75947B09}.Android|x86.Build.0 = Debug|Any CPU
		{458941D2-77A4-4B2C-8520-B6EF75947B09}.AppStore|Any CPU.ActiveCfg = Debug|Any CPU
		{458941D2-77A4-4B2C-8520-B6EF75947B09}.AppStore|Any CPU.Build.0 = Debug|Any CPU
		{458941D2-77A4-4B2C-8520-B6EF75947B09}.AppStore|ARM.ActiveCfg = Debug|Any CPU
		{458941D2-77A4-4B2C-8520-B6EF75947B09}.AppStore|ARM.Build.0 = Debug|Any CPU
		{458941D2-77A4-4B2C-8520-B6EF75947B09}.AppStore|iPhone.ActiveCfg = Debug|Any CPU
		{458941D2-77A4-4B2C-8520-B6EF75947B09}.AppStore|iPhone.Build.0 = Debug|Any CPU
		{458941D2-77A4-4B2C-8520-B6EF75947B09}.AppStore|iPhoneSimulator.ActiveCfg = Debug|Any CPU
		{458941D2-77A4-4B2C-8520-B6EF75947B09}.AppStore|iPhoneSimulator.Build.0 = Debug|Any CPU
		{458941D2-77A4-4B2C-8520-B6EF75947B09}.AppStore|Mixed Platforms.ActiveCfg = Debug|Any CPU
		{458941D2-77A4-4B2C-8520-B6EF75947B09}.AppStore|Mixed Platforms.Build.0 = Debug|Any CPU
		{458941D2-77A4-4B2C-8520-B6EF75947B09}.AppStore|x86.ActiveCfg = Debug|Any CPU
		{458941D2-77A4-4B2C-8520-B6EF75947B09}.AppStore|x86.Build.0 = Debug|Any CPU
		{458941D2-77A4-4B2C-8520-B6EF75947B09}.Debug|Any CPU.ActiveCfg = Debug|Any CPU
		{458941D2-77A4-4B2C-8520-B6EF75947B09}.Debug|Any CPU.Build.0 = Debug|Any CPU
		{458941D2-77A4-4B2C-8520-B6EF75947B09}.Debug|ARM.ActiveCfg = Debug|Any CPU
		{458941D2-77A4-4B2C-8520-B6EF75947B09}.Debug|ARM.Build.0 = Debug|Any CPU
		{458941D2-77A4-4B2C-8520-B6EF75947B09}.Debug|iPhone.ActiveCfg = Debug|Any CPU
		{458941D2-77A4-4B2C-8520-B6EF75947B09}.Debug|iPhone.Build.0 = Debug|Any CPU
		{458941D2-77A4-4B2C-8520-B6EF75947B09}.Debug|iPhoneSimulator.ActiveCfg = Debug|Any CPU
		{458941D2-77A4-4B2C-8520-B6EF75947B09}.Debug|iPhoneSimulator.Build.0 = Debug|Any CPU
		{458941D2-77A4-4B2C-8520-B6EF75947B09}.Debug|Mixed Platforms.ActiveCfg = Debug|Any CPU
		{458941D2-77A4-4B2C-8520-B6EF75947B09}.Debug|Mixed Platforms.Build.0 = Debug|Any CPU
		{458941D2-77A4-4B2C-8520-B6EF75947B09}.Debug|x86.ActiveCfg = Debug|Any CPU
		{458941D2-77A4-4B2C-8520-B6EF75947B09}.Debug|x86.Build.0 = Debug|Any CPU
		{458941D2-77A4-4B2C-8520-B6EF75947B09}.InHouse|Any CPU.ActiveCfg = InHouse|Any CPU
		{458941D2-77A4-4B2C-8520-B6EF75947B09}.InHouse|Any CPU.Build.0 = InHouse|Any CPU
		{458941D2-77A4-4B2C-8520-B6EF75947B09}.InHouse|ARM.ActiveCfg = InHouse|Any CPU
		{458941D2-77A4-4B2C-8520-B6EF75947B09}.InHouse|ARM.Build.0 = InHouse|Any CPU
		{458941D2-77A4-4B2C-8520-B6EF75947B09}.InHouse|iPhone.ActiveCfg = InHouse|iPhone
		{458941D2-77A4-4B2C-8520-B6EF75947B09}.InHouse|iPhone.Build.0 = InHouse|iPhone
		{458941D2-77A4-4B2C-8520-B6EF75947B09}.InHouse|iPhoneSimulator.ActiveCfg = InHouse|Any CPU
		{458941D2-77A4-4B2C-8520-B6EF75947B09}.InHouse|iPhoneSimulator.Build.0 = InHouse|Any CPU
		{458941D2-77A4-4B2C-8520-B6EF75947B09}.InHouse|Mixed Platforms.ActiveCfg = InHouse|Any CPU
		{458941D2-77A4-4B2C-8520-B6EF75947B09}.InHouse|Mixed Platforms.Build.0 = InHouse|Any CPU
		{458941D2-77A4-4B2C-8520-B6EF75947B09}.InHouse|x86.ActiveCfg = InHouse|Any CPU
		{458941D2-77A4-4B2C-8520-B6EF75947B09}.InHouse|x86.Build.0 = InHouse|Any CPU
		{458941D2-77A4-4B2C-8520-B6EF75947B09}.IOS|Any CPU.ActiveCfg = Debug|Any CPU
		{458941D2-77A4-4B2C-8520-B6EF75947B09}.IOS|Any CPU.Build.0 = Debug|Any CPU
		{458941D2-77A4-4B2C-8520-B6EF75947B09}.IOS|ARM.ActiveCfg = Debug|Any CPU
		{458941D2-77A4-4B2C-8520-B6EF75947B09}.IOS|ARM.Build.0 = Debug|Any CPU
		{458941D2-77A4-4B2C-8520-B6EF75947B09}.IOS|iPhone.ActiveCfg = Debug|Any CPU
		{458941D2-77A4-4B2C-8520-B6EF75947B09}.IOS|iPhone.Build.0 = Debug|Any CPU
		{458941D2-77A4-4B2C-8520-B6EF75947B09}.IOS|iPhoneSimulator.ActiveCfg = Debug|Any CPU
		{458941D2-77A4-4B2C-8520-B6EF75947B09}.IOS|iPhoneSimulator.Build.0 = Debug|Any CPU
		{458941D2-77A4-4B2C-8520-B6EF75947B09}.IOS|Mixed Platforms.ActiveCfg = Debug|Any CPU
		{458941D2-77A4-4B2C-8520-B6EF75947B09}.IOS|Mixed Platforms.Build.0 = Debug|Any CPU
		{458941D2-77A4-4B2C-8520-B6EF75947B09}.IOS|x86.ActiveCfg = Debug|Any CPU
		{458941D2-77A4-4B2C-8520-B6EF75947B09}.IOS|x86.Build.0 = Debug|Any CPU
		{458941D2-77A4-4B2C-8520-B6EF75947B09}.Release|Any CPU.ActiveCfg = Release|Any CPU
		{458941D2-77A4-4B2C-8520-B6EF75947B09}.Release|Any CPU.Build.0 = Release|Any CPU
		{458941D2-77A4-4B2C-8520-B6EF75947B09}.Release|ARM.ActiveCfg = Release|Any CPU
		{458941D2-77A4-4B2C-8520-B6EF75947B09}.Release|ARM.Build.0 = Release|Any CPU
		{458941D2-77A4-4B2C-8520-B6EF75947B09}.Release|iPhone.ActiveCfg = Release|Any CPU
		{458941D2-77A4-4B2C-8520-B6EF75947B09}.Release|iPhone.Build.0 = Release|Any CPU
		{458941D2-77A4-4B2C-8520-B6EF75947B09}.Release|iPhoneSimulator.ActiveCfg = Release|Any CPU
		{458941D2-77A4-4B2C-8520-B6EF75947B09}.Release|iPhoneSimulator.Build.0 = Release|Any CPU
		{458941D2-77A4-4B2C-8520-B6EF75947B09}.Release|Mixed Platforms.ActiveCfg = Release|Any CPU
		{458941D2-77A4-4B2C-8520-B6EF75947B09}.Release|Mixed Platforms.Build.0 = Release|Any CPU
		{458941D2-77A4-4B2C-8520-B6EF75947B09}.Release|x86.ActiveCfg = Release|Any CPU
		{458941D2-77A4-4B2C-8520-B6EF75947B09}.Release|x86.Build.0 = Release|Any CPU
		{6A02ABA0-EE87-4C04-A065-BEF98D7F4E53}.Ad-Hoc|Any CPU.ActiveCfg = Ad-Hoc|iPhone
		{6A02ABA0-EE87-4C04-A065-BEF98D7F4E53}.Ad-Hoc|Any CPU.Build.0 = Ad-Hoc|iPhone
		{6A02ABA0-EE87-4C04-A065-BEF98D7F4E53}.Ad-Hoc|ARM.ActiveCfg = Ad-Hoc|iPhone
		{6A02ABA0-EE87-4C04-A065-BEF98D7F4E53}.Ad-Hoc|ARM.Build.0 = Ad-Hoc|iPhone
		{6A02ABA0-EE87-4C04-A065-BEF98D7F4E53}.Ad-Hoc|iPhone.ActiveCfg = Ad-Hoc|iPhone
		{6A02ABA0-EE87-4C04-A065-BEF98D7F4E53}.Ad-Hoc|iPhone.Build.0 = Ad-Hoc|iPhone
		{6A02ABA0-EE87-4C04-A065-BEF98D7F4E53}.Ad-Hoc|iPhoneSimulator.ActiveCfg = Debug|iPhoneSimulator
		{6A02ABA0-EE87-4C04-A065-BEF98D7F4E53}.Ad-Hoc|iPhoneSimulator.Build.0 = Debug|iPhoneSimulator
		{6A02ABA0-EE87-4C04-A065-BEF98D7F4E53}.Ad-Hoc|Mixed Platforms.ActiveCfg = Ad-Hoc|iPhone
		{6A02ABA0-EE87-4C04-A065-BEF98D7F4E53}.Ad-Hoc|Mixed Platforms.Build.0 = Ad-Hoc|iPhone
		{6A02ABA0-EE87-4C04-A065-BEF98D7F4E53}.Ad-Hoc|x86.ActiveCfg = Ad-Hoc|iPhone
		{6A02ABA0-EE87-4C04-A065-BEF98D7F4E53}.Ad-Hoc|x86.Build.0 = Ad-Hoc|iPhone
		{6A02ABA0-EE87-4C04-A065-BEF98D7F4E53}.Android|Any CPU.ActiveCfg = Debug|iPhoneSimulator
		{6A02ABA0-EE87-4C04-A065-BEF98D7F4E53}.Android|Any CPU.Build.0 = Debug|iPhoneSimulator
		{6A02ABA0-EE87-4C04-A065-BEF98D7F4E53}.Android|ARM.ActiveCfg = Debug|iPhoneSimulator
		{6A02ABA0-EE87-4C04-A065-BEF98D7F4E53}.Android|ARM.Build.0 = Debug|iPhoneSimulator
		{6A02ABA0-EE87-4C04-A065-BEF98D7F4E53}.Android|iPhone.ActiveCfg = Debug|iPhone
		{6A02ABA0-EE87-4C04-A065-BEF98D7F4E53}.Android|iPhone.Build.0 = Debug|iPhone
		{6A02ABA0-EE87-4C04-A065-BEF98D7F4E53}.Android|iPhoneSimulator.ActiveCfg = Debug|iPhoneSimulator
		{6A02ABA0-EE87-4C04-A065-BEF98D7F4E53}.Android|iPhoneSimulator.Build.0 = Debug|iPhoneSimulator
		{6A02ABA0-EE87-4C04-A065-BEF98D7F4E53}.Android|Mixed Platforms.ActiveCfg = Debug|iPhoneSimulator
		{6A02ABA0-EE87-4C04-A065-BEF98D7F4E53}.Android|Mixed Platforms.Build.0 = Debug|iPhoneSimulator
		{6A02ABA0-EE87-4C04-A065-BEF98D7F4E53}.Android|x86.ActiveCfg = Debug|iPhoneSimulator
		{6A02ABA0-EE87-4C04-A065-BEF98D7F4E53}.Android|x86.Build.0 = Debug|iPhoneSimulator
		{6A02ABA0-EE87-4C04-A065-BEF98D7F4E53}.AppStore|Any CPU.ActiveCfg = AppStore|iPhone
		{6A02ABA0-EE87-4C04-A065-BEF98D7F4E53}.AppStore|Any CPU.Build.0 = AppStore|iPhone
		{6A02ABA0-EE87-4C04-A065-BEF98D7F4E53}.AppStore|ARM.ActiveCfg = AppStore|iPhone
		{6A02ABA0-EE87-4C04-A065-BEF98D7F4E53}.AppStore|ARM.Build.0 = AppStore|iPhone
		{6A02ABA0-EE87-4C04-A065-BEF98D7F4E53}.AppStore|iPhone.ActiveCfg = AppStore|iPhone
		{6A02ABA0-EE87-4C04-A065-BEF98D7F4E53}.AppStore|iPhone.Build.0 = AppStore|iPhone
		{6A02ABA0-EE87-4C04-A065-BEF98D7F4E53}.AppStore|iPhoneSimulator.ActiveCfg = Debug|iPhoneSimulator
		{6A02ABA0-EE87-4C04-A065-BEF98D7F4E53}.AppStore|iPhoneSimulator.Build.0 = Debug|iPhoneSimulator
		{6A02ABA0-EE87-4C04-A065-BEF98D7F4E53}.AppStore|Mixed Platforms.ActiveCfg = AppStore|iPhone
		{6A02ABA0-EE87-4C04-A065-BEF98D7F4E53}.AppStore|Mixed Platforms.Build.0 = AppStore|iPhone
		{6A02ABA0-EE87-4C04-A065-BEF98D7F4E53}.AppStore|x86.ActiveCfg = AppStore|iPhone
		{6A02ABA0-EE87-4C04-A065-BEF98D7F4E53}.AppStore|x86.Build.0 = AppStore|iPhone
		{6A02ABA0-EE87-4C04-A065-BEF98D7F4E53}.Debug|Any CPU.ActiveCfg = Debug|iPhone
		{6A02ABA0-EE87-4C04-A065-BEF98D7F4E53}.Debug|Any CPU.Build.0 = Debug|iPhone
		{6A02ABA0-EE87-4C04-A065-BEF98D7F4E53}.Debug|ARM.ActiveCfg = Debug|iPhone
		{6A02ABA0-EE87-4C04-A065-BEF98D7F4E53}.Debug|ARM.Build.0 = Debug|iPhone
		{6A02ABA0-EE87-4C04-A065-BEF98D7F4E53}.Debug|iPhone.ActiveCfg = Debug|iPhone
		{6A02ABA0-EE87-4C04-A065-BEF98D7F4E53}.Debug|iPhone.Build.0 = Debug|iPhone
		{6A02ABA0-EE87-4C04-A065-BEF98D7F4E53}.Debug|iPhoneSimulator.ActiveCfg = Debug|iPhoneSimulator
		{6A02ABA0-EE87-4C04-A065-BEF98D7F4E53}.Debug|iPhoneSimulator.Build.0 = Debug|iPhoneSimulator
		{6A02ABA0-EE87-4C04-A065-BEF98D7F4E53}.Debug|Mixed Platforms.ActiveCfg = Debug|iPhone
		{6A02ABA0-EE87-4C04-A065-BEF98D7F4E53}.Debug|Mixed Platforms.Build.0 = Debug|iPhone
		{6A02ABA0-EE87-4C04-A065-BEF98D7F4E53}.Debug|x86.ActiveCfg = Debug|iPhone
		{6A02ABA0-EE87-4C04-A065-BEF98D7F4E53}.Debug|x86.Build.0 = Debug|iPhone
		{6A02ABA0-EE87-4C04-A065-BEF98D7F4E53}.InHouse|Any CPU.ActiveCfg = InHouse|iPhone
		{6A02ABA0-EE87-4C04-A065-BEF98D7F4E53}.InHouse|ARM.ActiveCfg = InHouse|iPhone
		{6A02ABA0-EE87-4C04-A065-BEF98D7F4E53}.InHouse|iPhone.ActiveCfg = InHouse|iPhone
		{6A02ABA0-EE87-4C04-A065-BEF98D7F4E53}.InHouse|iPhone.Build.0 = InHouse|iPhone
		{6A02ABA0-EE87-4C04-A065-BEF98D7F4E53}.InHouse|iPhoneSimulator.ActiveCfg = InHouse|iPhone
		{6A02ABA0-EE87-4C04-A065-BEF98D7F4E53}.InHouse|Mixed Platforms.ActiveCfg = InHouse|iPhone
		{6A02ABA0-EE87-4C04-A065-BEF98D7F4E53}.InHouse|x86.ActiveCfg = InHouse|iPhone
		{6A02ABA0-EE87-4C04-A065-BEF98D7F4E53}.IOS|Any CPU.ActiveCfg = Debug|iPhoneSimulator
		{6A02ABA0-EE87-4C04-A065-BEF98D7F4E53}.IOS|Any CPU.Build.0 = Debug|iPhoneSimulator
		{6A02ABA0-EE87-4C04-A065-BEF98D7F4E53}.IOS|ARM.ActiveCfg = Debug|iPhoneSimulator
		{6A02ABA0-EE87-4C04-A065-BEF98D7F4E53}.IOS|ARM.Build.0 = Debug|iPhoneSimulator
		{6A02ABA0-EE87-4C04-A065-BEF98D7F4E53}.IOS|iPhone.ActiveCfg = Debug|iPhone
		{6A02ABA0-EE87-4C04-A065-BEF98D7F4E53}.IOS|iPhone.Build.0 = Debug|iPhone
		{6A02ABA0-EE87-4C04-A065-BEF98D7F4E53}.IOS|iPhoneSimulator.ActiveCfg = Debug|iPhoneSimulator
		{6A02ABA0-EE87-4C04-A065-BEF98D7F4E53}.IOS|iPhoneSimulator.Build.0 = Debug|iPhoneSimulator
		{6A02ABA0-EE87-4C04-A065-BEF98D7F4E53}.IOS|Mixed Platforms.ActiveCfg = Debug|iPhoneSimulator
		{6A02ABA0-EE87-4C04-A065-BEF98D7F4E53}.IOS|Mixed Platforms.Build.0 = Debug|iPhoneSimulator
		{6A02ABA0-EE87-4C04-A065-BEF98D7F4E53}.IOS|x86.ActiveCfg = Debug|iPhoneSimulator
		{6A02ABA0-EE87-4C04-A065-BEF98D7F4E53}.IOS|x86.Build.0 = Debug|iPhoneSimulator
		{6A02ABA0-EE87-4C04-A065-BEF98D7F4E53}.Release|Any CPU.ActiveCfg = Release|iPhone
		{6A02ABA0-EE87-4C04-A065-BEF98D7F4E53}.Release|Any CPU.Build.0 = Release|iPhone
		{6A02ABA0-EE87-4C04-A065-BEF98D7F4E53}.Release|ARM.ActiveCfg = Release|iPhone
		{6A02ABA0-EE87-4C04-A065-BEF98D7F4E53}.Release|ARM.Build.0 = Release|iPhone
		{6A02ABA0-EE87-4C04-A065-BEF98D7F4E53}.Release|iPhone.ActiveCfg = Release|iPhone
		{6A02ABA0-EE87-4C04-A065-BEF98D7F4E53}.Release|iPhone.Build.0 = Release|iPhone
		{6A02ABA0-EE87-4C04-A065-BEF98D7F4E53}.Release|iPhoneSimulator.ActiveCfg = Release|iPhoneSimulator
		{6A02ABA0-EE87-4C04-A065-BEF98D7F4E53}.Release|iPhoneSimulator.Build.0 = Release|iPhoneSimulator
		{6A02ABA0-EE87-4C04-A065-BEF98D7F4E53}.Release|Mixed Platforms.ActiveCfg = Release|iPhoneSimulator
		{6A02ABA0-EE87-4C04-A065-BEF98D7F4E53}.Release|Mixed Platforms.Build.0 = Release|iPhoneSimulator
		{6A02ABA0-EE87-4C04-A065-BEF98D7F4E53}.Release|x86.ActiveCfg = Release|iPhone
		{6A02ABA0-EE87-4C04-A065-BEF98D7F4E53}.Release|x86.Build.0 = Release|iPhone
		{6FDED745-BC57-4153-A591-8366001ACB63}.Ad-Hoc|Any CPU.ActiveCfg = Debug|Any CPU
		{6FDED745-BC57-4153-A591-8366001ACB63}.Ad-Hoc|Any CPU.Build.0 = Debug|Any CPU
		{6FDED745-BC57-4153-A591-8366001ACB63}.Ad-Hoc|ARM.ActiveCfg = Debug|Any CPU
		{6FDED745-BC57-4153-A591-8366001ACB63}.Ad-Hoc|ARM.Build.0 = Debug|Any CPU
		{6FDED745-BC57-4153-A591-8366001ACB63}.Ad-Hoc|iPhone.ActiveCfg = Debug|Any CPU
		{6FDED745-BC57-4153-A591-8366001ACB63}.Ad-Hoc|iPhone.Build.0 = Debug|Any CPU
		{6FDED745-BC57-4153-A591-8366001ACB63}.Ad-Hoc|iPhoneSimulator.ActiveCfg = Debug|Any CPU
		{6FDED745-BC57-4153-A591-8366001ACB63}.Ad-Hoc|iPhoneSimulator.Build.0 = Debug|Any CPU
		{6FDED745-BC57-4153-A591-8366001ACB63}.Ad-Hoc|Mixed Platforms.ActiveCfg = Debug|Any CPU
		{6FDED745-BC57-4153-A591-8366001ACB63}.Ad-Hoc|Mixed Platforms.Build.0 = Debug|Any CPU
		{6FDED745-BC57-4153-A591-8366001ACB63}.Ad-Hoc|x86.ActiveCfg = Debug|Any CPU
		{6FDED745-BC57-4153-A591-8366001ACB63}.Ad-Hoc|x86.Build.0 = Debug|Any CPU
		{6FDED745-BC57-4153-A591-8366001ACB63}.Android|Any CPU.ActiveCfg = Debug|Any CPU
		{6FDED745-BC57-4153-A591-8366001ACB63}.Android|Any CPU.Build.0 = Debug|Any CPU
		{6FDED745-BC57-4153-A591-8366001ACB63}.Android|ARM.ActiveCfg = Debug|Any CPU
		{6FDED745-BC57-4153-A591-8366001ACB63}.Android|ARM.Build.0 = Debug|Any CPU
		{6FDED745-BC57-4153-A591-8366001ACB63}.Android|iPhone.ActiveCfg = Debug|Any CPU
		{6FDED745-BC57-4153-A591-8366001ACB63}.Android|iPhone.Build.0 = Debug|Any CPU
		{6FDED745-BC57-4153-A591-8366001ACB63}.Android|iPhoneSimulator.ActiveCfg = Debug|Any CPU
		{6FDED745-BC57-4153-A591-8366001ACB63}.Android|iPhoneSimulator.Build.0 = Debug|Any CPU
		{6FDED745-BC57-4153-A591-8366001ACB63}.Android|Mixed Platforms.ActiveCfg = Debug|Any CPU
		{6FDED745-BC57-4153-A591-8366001ACB63}.Android|Mixed Platforms.Build.0 = Debug|Any CPU
		{6FDED745-BC57-4153-A591-8366001ACB63}.Android|x86.ActiveCfg = Debug|Any CPU
		{6FDED745-BC57-4153-A591-8366001ACB63}.Android|x86.Build.0 = Debug|Any CPU
		{6FDED745-BC57-4153-A591-8366001ACB63}.AppStore|Any CPU.ActiveCfg = Debug|Any CPU
		{6FDED745-BC57-4153-A591-8366001ACB63}.AppStore|Any CPU.Build.0 = Debug|Any CPU
		{6FDED745-BC57-4153-A591-8366001ACB63}.AppStore|ARM.ActiveCfg = Debug|Any CPU
		{6FDED745-BC57-4153-A591-8366001ACB63}.AppStore|ARM.Build.0 = Debug|Any CPU
		{6FDED745-BC57-4153-A591-8366001ACB63}.AppStore|iPhone.ActiveCfg = Debug|Any CPU
		{6FDED745-BC57-4153-A591-8366001ACB63}.AppStore|iPhone.Build.0 = Debug|Any CPU
		{6FDED745-BC57-4153-A591-8366001ACB63}.AppStore|iPhoneSimulator.ActiveCfg = Debug|Any CPU
		{6FDED745-BC57-4153-A591-8366001ACB63}.AppStore|iPhoneSimulator.Build.0 = Debug|Any CPU
		{6FDED745-BC57-4153-A591-8366001ACB63}.AppStore|Mixed Platforms.ActiveCfg = Debug|Any CPU
		{6FDED745-BC57-4153-A591-8366001ACB63}.AppStore|Mixed Platforms.Build.0 = Debug|Any CPU
		{6FDED745-BC57-4153-A591-8366001ACB63}.AppStore|x86.ActiveCfg = Debug|Any CPU
		{6FDED745-BC57-4153-A591-8366001ACB63}.AppStore|x86.Build.0 = Debug|Any CPU
		{6FDED745-BC57-4153-A591-8366001ACB63}.Debug|Any CPU.ActiveCfg = Debug|Any CPU
		{6FDED745-BC57-4153-A591-8366001ACB63}.Debug|Any CPU.Build.0 = Debug|Any CPU
		{6FDED745-BC57-4153-A591-8366001ACB63}.Debug|ARM.ActiveCfg = Debug|Any CPU
		{6FDED745-BC57-4153-A591-8366001ACB63}.Debug|ARM.Build.0 = Debug|Any CPU
		{6FDED745-BC57-4153-A591-8366001ACB63}.Debug|iPhone.ActiveCfg = Debug|Any CPU
		{6FDED745-BC57-4153-A591-8366001ACB63}.Debug|iPhone.Build.0 = Debug|Any CPU
		{6FDED745-BC57-4153-A591-8366001ACB63}.Debug|iPhoneSimulator.ActiveCfg = Debug|Any CPU
		{6FDED745-BC57-4153-A591-8366001ACB63}.Debug|iPhoneSimulator.Build.0 = Debug|Any CPU
		{6FDED745-BC57-4153-A591-8366001ACB63}.Debug|Mixed Platforms.ActiveCfg = Debug|Any CPU
		{6FDED745-BC57-4153-A591-8366001ACB63}.Debug|Mixed Platforms.Build.0 = Debug|Any CPU
		{6FDED745-BC57-4153-A591-8366001ACB63}.Debug|x86.ActiveCfg = Debug|Any CPU
		{6FDED745-BC57-4153-A591-8366001ACB63}.Debug|x86.Build.0 = Debug|Any CPU
		{6FDED745-BC57-4153-A591-8366001ACB63}.InHouse|Any CPU.ActiveCfg = InHouse|Any CPU
		{6FDED745-BC57-4153-A591-8366001ACB63}.InHouse|Any CPU.Build.0 = InHouse|Any CPU
		{6FDED745-BC57-4153-A591-8366001ACB63}.InHouse|ARM.ActiveCfg = InHouse|Any CPU
		{6FDED745-BC57-4153-A591-8366001ACB63}.InHouse|ARM.Build.0 = InHouse|Any CPU
		{6FDED745-BC57-4153-A591-8366001ACB63}.InHouse|iPhone.ActiveCfg = InHouse|iPhone
		{6FDED745-BC57-4153-A591-8366001ACB63}.InHouse|iPhone.Build.0 = InHouse|iPhone
		{6FDED745-BC57-4153-A591-8366001ACB63}.InHouse|iPhoneSimulator.ActiveCfg = InHouse|Any CPU
		{6FDED745-BC57-4153-A591-8366001ACB63}.InHouse|iPhoneSimulator.Build.0 = InHouse|Any CPU
		{6FDED745-BC57-4153-A591-8366001ACB63}.InHouse|Mixed Platforms.ActiveCfg = InHouse|Any CPU
		{6FDED745-BC57-4153-A591-8366001ACB63}.InHouse|Mixed Platforms.Build.0 = InHouse|Any CPU
		{6FDED745-BC57-4153-A591-8366001ACB63}.InHouse|x86.ActiveCfg = InHouse|Any CPU
		{6FDED745-BC57-4153-A591-8366001ACB63}.InHouse|x86.Build.0 = InHouse|Any CPU
		{6FDED745-BC57-4153-A591-8366001ACB63}.IOS|Any CPU.ActiveCfg = Debug|Any CPU
		{6FDED745-BC57-4153-A591-8366001ACB63}.IOS|Any CPU.Build.0 = Debug|Any CPU
		{6FDED745-BC57-4153-A591-8366001ACB63}.IOS|ARM.ActiveCfg = Debug|Any CPU
		{6FDED745-BC57-4153-A591-8366001ACB63}.IOS|ARM.Build.0 = Debug|Any CPU
		{6FDED745-BC57-4153-A591-8366001ACB63}.IOS|iPhone.ActiveCfg = Debug|Any CPU
		{6FDED745-BC57-4153-A591-8366001ACB63}.IOS|iPhone.Build.0 = Debug|Any CPU
		{6FDED745-BC57-4153-A591-8366001ACB63}.IOS|iPhoneSimulator.ActiveCfg = Debug|Any CPU
		{6FDED745-BC57-4153-A591-8366001ACB63}.IOS|iPhoneSimulator.Build.0 = Debug|Any CPU
		{6FDED745-BC57-4153-A591-8366001ACB63}.IOS|Mixed Platforms.ActiveCfg = Debug|Any CPU
		{6FDED745-BC57-4153-A591-8366001ACB63}.IOS|Mixed Platforms.Build.0 = Debug|Any CPU
		{6FDED745-BC57-4153-A591-8366001ACB63}.IOS|x86.ActiveCfg = Debug|Any CPU
		{6FDED745-BC57-4153-A591-8366001ACB63}.IOS|x86.Build.0 = Debug|Any CPU
		{6FDED745-BC57-4153-A591-8366001ACB63}.Release|Any CPU.ActiveCfg = Release|Any CPU
		{6FDED745-BC57-4153-A591-8366001ACB63}.Release|Any CPU.Build.0 = Release|Any CPU
		{6FDED745-BC57-4153-A591-8366001ACB63}.Release|ARM.ActiveCfg = Release|Any CPU
		{6FDED745-BC57-4153-A591-8366001ACB63}.Release|ARM.Build.0 = Release|Any CPU
		{6FDED745-BC57-4153-A591-8366001ACB63}.Release|iPhone.ActiveCfg = Release|Any CPU
		{6FDED745-BC57-4153-A591-8366001ACB63}.Release|iPhone.Build.0 = Release|Any CPU
		{6FDED745-BC57-4153-A591-8366001ACB63}.Release|iPhoneSimulator.ActiveCfg = Release|Any CPU
		{6FDED745-BC57-4153-A591-8366001ACB63}.Release|iPhoneSimulator.Build.0 = Release|Any CPU
		{6FDED745-BC57-4153-A591-8366001ACB63}.Release|Mixed Platforms.ActiveCfg = Release|Any CPU
		{6FDED745-BC57-4153-A591-8366001ACB63}.Release|Mixed Platforms.Build.0 = Release|Any CPU
		{6FDED745-BC57-4153-A591-8366001ACB63}.Release|x86.ActiveCfg = Release|Any CPU
		{6FDED745-BC57-4153-A591-8366001ACB63}.Release|x86.Build.0 = Release|Any CPU
		{83491F6D-BA09-477D-9DC0-3E670794579F}.Ad-Hoc|Any CPU.ActiveCfg = Debug|Any CPU
		{83491F6D-BA09-477D-9DC0-3E670794579F}.Ad-Hoc|Any CPU.Build.0 = Debug|Any CPU
		{83491F6D-BA09-477D-9DC0-3E670794579F}.Ad-Hoc|ARM.ActiveCfg = Debug|Any CPU
		{83491F6D-BA09-477D-9DC0-3E670794579F}.Ad-Hoc|ARM.Build.0 = Debug|Any CPU
		{83491F6D-BA09-477D-9DC0-3E670794579F}.Ad-Hoc|iPhone.ActiveCfg = Debug|Any CPU
		{83491F6D-BA09-477D-9DC0-3E670794579F}.Ad-Hoc|iPhone.Build.0 = Debug|Any CPU
		{83491F6D-BA09-477D-9DC0-3E670794579F}.Ad-Hoc|iPhoneSimulator.ActiveCfg = Debug|Any CPU
		{83491F6D-BA09-477D-9DC0-3E670794579F}.Ad-Hoc|iPhoneSimulator.Build.0 = Debug|Any CPU
		{83491F6D-BA09-477D-9DC0-3E670794579F}.Ad-Hoc|Mixed Platforms.ActiveCfg = Debug|Any CPU
		{83491F6D-BA09-477D-9DC0-3E670794579F}.Ad-Hoc|Mixed Platforms.Build.0 = Debug|Any CPU
		{83491F6D-BA09-477D-9DC0-3E670794579F}.Ad-Hoc|x86.ActiveCfg = Debug|Any CPU
		{83491F6D-BA09-477D-9DC0-3E670794579F}.Ad-Hoc|x86.Build.0 = Debug|Any CPU
		{83491F6D-BA09-477D-9DC0-3E670794579F}.Android|Any CPU.ActiveCfg = Debug|Any CPU
		{83491F6D-BA09-477D-9DC0-3E670794579F}.Android|Any CPU.Build.0 = Debug|Any CPU
		{83491F6D-BA09-477D-9DC0-3E670794579F}.Android|ARM.ActiveCfg = Debug|Any CPU
		{83491F6D-BA09-477D-9DC0-3E670794579F}.Android|ARM.Build.0 = Debug|Any CPU
		{83491F6D-BA09-477D-9DC0-3E670794579F}.Android|iPhone.ActiveCfg = Debug|Any CPU
		{83491F6D-BA09-477D-9DC0-3E670794579F}.Android|iPhone.Build.0 = Debug|Any CPU
		{83491F6D-BA09-477D-9DC0-3E670794579F}.Android|iPhoneSimulator.ActiveCfg = Debug|Any CPU
		{83491F6D-BA09-477D-9DC0-3E670794579F}.Android|iPhoneSimulator.Build.0 = Debug|Any CPU
		{83491F6D-BA09-477D-9DC0-3E670794579F}.Android|Mixed Platforms.ActiveCfg = Debug|Any CPU
		{83491F6D-BA09-477D-9DC0-3E670794579F}.Android|Mixed Platforms.Build.0 = Debug|Any CPU
		{83491F6D-BA09-477D-9DC0-3E670794579F}.Android|x86.ActiveCfg = Debug|Any CPU
		{83491F6D-BA09-477D-9DC0-3E670794579F}.Android|x86.Build.0 = Debug|Any CPU
		{83491F6D-BA09-477D-9DC0-3E670794579F}.AppStore|Any CPU.ActiveCfg = Debug|Any CPU
		{83491F6D-BA09-477D-9DC0-3E670794579F}.AppStore|Any CPU.Build.0 = Debug|Any CPU
		{83491F6D-BA09-477D-9DC0-3E670794579F}.AppStore|ARM.ActiveCfg = Debug|Any CPU
		{83491F6D-BA09-477D-9DC0-3E670794579F}.AppStore|ARM.Build.0 = Debug|Any CPU
		{83491F6D-BA09-477D-9DC0-3E670794579F}.AppStore|iPhone.ActiveCfg = Debug|Any CPU
		{83491F6D-BA09-477D-9DC0-3E670794579F}.AppStore|iPhone.Build.0 = Debug|Any CPU
		{83491F6D-BA09-477D-9DC0-3E670794579F}.AppStore|iPhoneSimulator.ActiveCfg = Debug|Any CPU
		{83491F6D-BA09-477D-9DC0-3E670794579F}.AppStore|iPhoneSimulator.Build.0 = Debug|Any CPU
		{83491F6D-BA09-477D-9DC0-3E670794579F}.AppStore|Mixed Platforms.ActiveCfg = Debug|Any CPU
		{83491F6D-BA09-477D-9DC0-3E670794579F}.AppStore|Mixed Platforms.Build.0 = Debug|Any CPU
		{83491F6D-BA09-477D-9DC0-3E670794579F}.AppStore|x86.ActiveCfg = Debug|Any CPU
		{83491F6D-BA09-477D-9DC0-3E670794579F}.AppStore|x86.Build.0 = Debug|Any CPU
		{83491F6D-BA09-477D-9DC0-3E670794579F}.Debug|Any CPU.ActiveCfg = Debug|Any CPU
		{83491F6D-BA09-477D-9DC0-3E670794579F}.Debug|Any CPU.Build.0 = Debug|Any CPU
		{83491F6D-BA09-477D-9DC0-3E670794579F}.Debug|ARM.ActiveCfg = Debug|Any CPU
		{83491F6D-BA09-477D-9DC0-3E670794579F}.Debug|ARM.Build.0 = Debug|Any CPU
		{83491F6D-BA09-477D-9DC0-3E670794579F}.Debug|iPhone.ActiveCfg = Debug|Any CPU
		{83491F6D-BA09-477D-9DC0-3E670794579F}.Debug|iPhone.Build.0 = Debug|Any CPU
		{83491F6D-BA09-477D-9DC0-3E670794579F}.Debug|iPhoneSimulator.ActiveCfg = Debug|Any CPU
		{83491F6D-BA09-477D-9DC0-3E670794579F}.Debug|iPhoneSimulator.Build.0 = Debug|Any CPU
		{83491F6D-BA09-477D-9DC0-3E670794579F}.Debug|Mixed Platforms.ActiveCfg = Debug|Any CPU
		{83491F6D-BA09-477D-9DC0-3E670794579F}.Debug|Mixed Platforms.Build.0 = Debug|Any CPU
		{83491F6D-BA09-477D-9DC0-3E670794579F}.Debug|x86.ActiveCfg = Debug|Any CPU
		{83491F6D-BA09-477D-9DC0-3E670794579F}.Debug|x86.Build.0 = Debug|Any CPU
		{83491F6D-BA09-477D-9DC0-3E670794579F}.InHouse|Any CPU.ActiveCfg = InHouse|iPhone
		{83491F6D-BA09-477D-9DC0-3E670794579F}.InHouse|ARM.ActiveCfg = InHouse|iPhone
		{83491F6D-BA09-477D-9DC0-3E670794579F}.InHouse|iPhone.ActiveCfg = InHouse|iPhone
		{83491F6D-BA09-477D-9DC0-3E670794579F}.InHouse|iPhone.Build.0 = InHouse|iPhone
		{83491F6D-BA09-477D-9DC0-3E670794579F}.InHouse|iPhoneSimulator.ActiveCfg = InHouse|iPhone
		{83491F6D-BA09-477D-9DC0-3E670794579F}.InHouse|Mixed Platforms.ActiveCfg = InHouse|iPhone
		{83491F6D-BA09-477D-9DC0-3E670794579F}.InHouse|x86.ActiveCfg = InHouse|iPhone
		{83491F6D-BA09-477D-9DC0-3E670794579F}.IOS|Any CPU.ActiveCfg = Debug|Any CPU
		{83491F6D-BA09-477D-9DC0-3E670794579F}.IOS|Any CPU.Build.0 = Debug|Any CPU
		{83491F6D-BA09-477D-9DC0-3E670794579F}.IOS|ARM.ActiveCfg = Debug|Any CPU
		{83491F6D-BA09-477D-9DC0-3E670794579F}.IOS|ARM.Build.0 = Debug|Any CPU
		{83491F6D-BA09-477D-9DC0-3E670794579F}.IOS|iPhone.ActiveCfg = Debug|Any CPU
		{83491F6D-BA09-477D-9DC0-3E670794579F}.IOS|iPhone.Build.0 = Debug|Any CPU
		{83491F6D-BA09-477D-9DC0-3E670794579F}.IOS|iPhoneSimulator.ActiveCfg = Debug|Any CPU
		{83491F6D-BA09-477D-9DC0-3E670794579F}.IOS|iPhoneSimulator.Build.0 = Debug|Any CPU
		{83491F6D-BA09-477D-9DC0-3E670794579F}.IOS|Mixed Platforms.ActiveCfg = Debug|Any CPU
		{83491F6D-BA09-477D-9DC0-3E670794579F}.IOS|Mixed Platforms.Build.0 = Debug|Any CPU
		{83491F6D-BA09-477D-9DC0-3E670794579F}.IOS|x86.ActiveCfg = Debug|Any CPU
		{83491F6D-BA09-477D-9DC0-3E670794579F}.IOS|x86.Build.0 = Debug|Any CPU
		{83491F6D-BA09-477D-9DC0-3E670794579F}.Release|Any CPU.ActiveCfg = Release|Any CPU
		{83491F6D-BA09-477D-9DC0-3E670794579F}.Release|Any CPU.Build.0 = Release|Any CPU
		{83491F6D-BA09-477D-9DC0-3E670794579F}.Release|ARM.ActiveCfg = Release|Any CPU
		{83491F6D-BA09-477D-9DC0-3E670794579F}.Release|ARM.Build.0 = Release|Any CPU
		{83491F6D-BA09-477D-9DC0-3E670794579F}.Release|iPhone.ActiveCfg = Release|Any CPU
		{83491F6D-BA09-477D-9DC0-3E670794579F}.Release|iPhone.Build.0 = Release|Any CPU
		{83491F6D-BA09-477D-9DC0-3E670794579F}.Release|iPhoneSimulator.ActiveCfg = Release|Any CPU
		{83491F6D-BA09-477D-9DC0-3E670794579F}.Release|iPhoneSimulator.Build.0 = Release|Any CPU
		{83491F6D-BA09-477D-9DC0-3E670794579F}.Release|Mixed Platforms.ActiveCfg = Release|Any CPU
		{83491F6D-BA09-477D-9DC0-3E670794579F}.Release|Mixed Platforms.Build.0 = Release|Any CPU
		{83491F6D-BA09-477D-9DC0-3E670794579F}.Release|x86.ActiveCfg = Release|Any CPU
		{83491F6D-BA09-477D-9DC0-3E670794579F}.Release|x86.Build.0 = Release|Any CPU
	EndGlobalSection
	GlobalSection(NestedProjects) = preSolution
		{6FDED745-BC57-4153-A591-8366001ACB63} = {46347678-320C-480A-B278-F436620C6BC7}
		{458941D2-77A4-4B2C-8520-B6EF75947B09} = {63274171-4425-47D3-8687-1972189E84DE}
		{83491F6D-BA09-477D-9DC0-3E670794579F} = {63274171-4425-47D3-8687-1972189E84DE}
		{6A02ABA0-EE87-4C04-A065-BEF98D7F4E53} = {63274171-4425-47D3-8687-1972189E84DE}
	EndGlobalSection
	GlobalSection(MonoDevelopProperties) = preSolution
		version = 2.0
	EndGlobalSection
	GlobalSection(SolutionProperties) = preSolution
		HideSolutionNode = FALSE
	EndGlobalSection
EndGlobal
